// !$*UTF8*$!
{
	archiveVersion = 1;
	classes = {
	};
	objectVersion = 56;
	objects = {

/* Begin PBXBuildFile section */
		CC71E6EE2A6BF92D004AFB3F /* Launch Screen.storyboard in Resources */ = {isa = PBXBuildFile; fileRef = CC71E6ED2A6BF92D004AFB3F /* Launch Screen.storyboard */; platformFilter = ios; };
		CC71E6F02A6C048C004AFB3F /* Localizable.xcstrings in Resources */ = {isa = PBXBuildFile; fileRef = CC71E6EF2A6C048C004AFB3F /* Localizable.xcstrings */; };
		CC71E6F82A6C0626004AFB3F /* SettingsView.swift in Sources */ = {isa = PBXBuildFile; fileRef = CC71E6F72A6C0626004AFB3F /* SettingsView.swift */; };
		CC71E6FA2A6C0655004AFB3F /* BookmarksView.swift in Sources */ = {isa = PBXBuildFile; fileRef = CC71E6F92A6C0655004AFB3F /* BookmarksView.swift */; };
		CC71E6FC2A6C0678004AFB3F /* MainView.swift in Sources */ = {isa = PBXBuildFile; fileRef = CC71E6FB2A6C0678004AFB3F /* MainView.swift */; };
		CC71E6FF2A6C069D004AFB3F /* DownloadsView.swift in Sources */ = {isa = PBXBuildFile; fileRef = CC71E6FE2A6C069D004AFB3F /* DownloadsView.swift */; };
		CC71E7012A6DD043004AFB3F /* AuthView.swift in Sources */ = {isa = PBXBuildFile; fileRef = CC71E7002A6DD043004AFB3F /* AuthView.swift */; };
		CC71E7042A6DD119004AFB3F /* KinoPubBackend in Frameworks */ = {isa = PBXBuildFile; productRef = CC71E7032A6DD119004AFB3F /* KinoPubBackend */; };
		CC71E7062A6DD119004AFB3F /* KinoPubKit in Frameworks */ = {isa = PBXBuildFile; productRef = CC71E7052A6DD119004AFB3F /* KinoPubKit */; };
		CC71E7082A6DD119004AFB3F /* KinoPubLogging in Frameworks */ = {isa = PBXBuildFile; productRef = CC71E7072A6DD119004AFB3F /* KinoPubLogging */; };
		CC71E70A2A6DD119004AFB3F /* KinoPubUI in Frameworks */ = {isa = PBXBuildFile; productRef = CC71E7092A6DD119004AFB3F /* KinoPubUI */; };
		CC71E70D2A6DD56A004AFB3F /* SkeletonUI in Frameworks */ = {isa = PBXBuildFile; productRef = CC71E70C2A6DD56A004AFB3F /* SkeletonUI */; };
		CC71E70F2A6DD5B1004AFB3F /* GoogleService-Info.plist in Resources */ = {isa = PBXBuildFile; fileRef = CC71E70E2A6DD5B1004AFB3F /* GoogleService-Info.plist */; };
		CC71E7122A6DD62E004AFB3F /* FirebaseAnalytics in Frameworks */ = {isa = PBXBuildFile; productRef = CC71E7112A6DD62E004AFB3F /* FirebaseAnalytics */; };
		CC71E7142A6DD62E004AFB3F /* FirebaseCrashlytics in Frameworks */ = {isa = PBXBuildFile; productRef = CC71E7132A6DD62E004AFB3F /* FirebaseCrashlytics */; };
		CC71E7162A6DD62E004AFB3F /* FirebaseInstallations in Frameworks */ = {isa = PBXBuildFile; productRef = CC71E7152A6DD62E004AFB3F /* FirebaseInstallations */; };
		CC71E7182A6DD62E004AFB3F /* FirebaseMLModelDownloader in Frameworks */ = {isa = PBXBuildFile; productRef = CC71E7172A6DD62E004AFB3F /* FirebaseMLModelDownloader */; };
		CC71E71A2A6DD62E004AFB3F /* FirebaseMessaging in Frameworks */ = {isa = PBXBuildFile; productRef = CC71E7192A6DD62E004AFB3F /* FirebaseMessaging */; };
		CC71E71C2A6DD62E004AFB3F /* FirebasePerformance in Frameworks */ = {isa = PBXBuildFile; productRef = CC71E71B2A6DD62E004AFB3F /* FirebasePerformance */; };
		CC71E71E2A6DD62E004AFB3F /* FirebaseRemoteConfig in Frameworks */ = {isa = PBXBuildFile; productRef = CC71E71D2A6DD62E004AFB3F /* FirebaseRemoteConfig */; };
		CC71E7202A6DD62E004AFB3F /* FirebaseRemoteConfigSwift in Frameworks */ = {isa = PBXBuildFile; productRef = CC71E71F2A6DD62E004AFB3F /* FirebaseRemoteConfigSwift */; };
		CC71E7222A6DD62E004AFB3F /* FirebaseStorage in Frameworks */ = {isa = PBXBuildFile; productRef = CC71E7212A6DD62E004AFB3F /* FirebaseStorage */; };
		CC71E7242A6DD62E004AFB3F /* FirebaseStorageCombine-Community in Frameworks */ = {isa = PBXBuildFile; productRef = CC71E7232A6DD62E004AFB3F /* FirebaseStorageCombine-Community */; };
		CC71E7262A6DD643004AFB3F /* AppDelegate.swift in Sources */ = {isa = PBXBuildFile; fileRef = CC71E7252A6DD643004AFB3F /* AppDelegate.swift */; };
		CC88E1E52A6586E600E9387F /* KinoPubAppleClientApp.swift in Sources */ = {isa = PBXBuildFile; fileRef = CC88E1E42A6586E600E9387F /* KinoPubAppleClientApp.swift */; };
		CC88E1E72A6586E600E9387F /* RootView.swift in Sources */ = {isa = PBXBuildFile; fileRef = CC88E1E62A6586E600E9387F /* RootView.swift */; };
		CC88E1E92A6586E700E9387F /* Assets.xcassets in Resources */ = {isa = PBXBuildFile; fileRef = CC88E1E82A6586E700E9387F /* Assets.xcassets */; };
		CC88E1ED2A6586E700E9387F /* Preview Assets.xcassets in Resources */ = {isa = PBXBuildFile; fileRef = CC88E1EC2A6586E700E9387F /* Preview Assets.xcassets */; };
/* End PBXBuildFile section */

/* Begin PBXFileReference section */
		CC676BC52A6ADBEE00B8AC66 /* KinoPubLogging */ = {isa = PBXFileReference; lastKnownFileType = wrapper; name = KinoPubLogging; path = Packages/KinoPubLogging; sourceTree = "<group>"; };
		CC71E6EC2A6B2FBE004AFB3F /* KinoPubKit */ = {isa = PBXFileReference; lastKnownFileType = wrapper; name = KinoPubKit; path = Packages/KinoPubKit; sourceTree = "<group>"; };
		CC71E6ED2A6BF92D004AFB3F /* Launch Screen.storyboard */ = {isa = PBXFileReference; lastKnownFileType = file.storyboard; path = "Launch Screen.storyboard"; sourceTree = "<group>"; };
		CC71E6EF2A6C048C004AFB3F /* Localizable.xcstrings */ = {isa = PBXFileReference; lastKnownFileType = text.json.xcstrings; path = Localizable.xcstrings; sourceTree = "<group>"; };
		CC71E6F72A6C0626004AFB3F /* SettingsView.swift */ = {isa = PBXFileReference; lastKnownFileType = sourcecode.swift; path = SettingsView.swift; sourceTree = "<group>"; };
		CC71E6F92A6C0655004AFB3F /* BookmarksView.swift */ = {isa = PBXFileReference; lastKnownFileType = sourcecode.swift; path = BookmarksView.swift; sourceTree = "<group>"; };
		CC71E6FB2A6C0678004AFB3F /* MainView.swift */ = {isa = PBXFileReference; lastKnownFileType = sourcecode.swift; path = MainView.swift; sourceTree = "<group>"; };
		CC71E6FE2A6C069D004AFB3F /* DownloadsView.swift */ = {isa = PBXFileReference; lastKnownFileType = sourcecode.swift; path = DownloadsView.swift; sourceTree = "<group>"; };
		CC71E7002A6DD043004AFB3F /* AuthView.swift */ = {isa = PBXFileReference; lastKnownFileType = sourcecode.swift; path = AuthView.swift; sourceTree = "<group>"; };
		CC71E70E2A6DD5B1004AFB3F /* GoogleService-Info.plist */ = {isa = PBXFileReference; fileEncoding = 4; lastKnownFileType = text.plist.xml; path = "GoogleService-Info.plist"; sourceTree = "<group>"; };
		CC71E7252A6DD643004AFB3F /* AppDelegate.swift */ = {isa = PBXFileReference; lastKnownFileType = sourcecode.swift; path = AppDelegate.swift; sourceTree = "<group>"; };
		CC88E1E12A6586E600E9387F /* KinoPubAppleClient.app */ = {isa = PBXFileReference; explicitFileType = wrapper.application; includeInIndex = 0; path = KinoPubAppleClient.app; sourceTree = BUILT_PRODUCTS_DIR; };
		CC88E1E42A6586E600E9387F /* KinoPubAppleClientApp.swift */ = {isa = PBXFileReference; lastKnownFileType = sourcecode.swift; path = KinoPubAppleClientApp.swift; sourceTree = "<group>"; };
		CC88E1E62A6586E600E9387F /* RootView.swift */ = {isa = PBXFileReference; lastKnownFileType = sourcecode.swift; path = RootView.swift; sourceTree = "<group>"; };
		CC88E1E82A6586E700E9387F /* Assets.xcassets */ = {isa = PBXFileReference; lastKnownFileType = folder.assetcatalog; path = Assets.xcassets; sourceTree = "<group>"; };
		CC88E1EA2A6586E700E9387F /* KinoPubAppleClient.entitlements */ = {isa = PBXFileReference; lastKnownFileType = text.plist.entitlements; path = KinoPubAppleClient.entitlements; sourceTree = "<group>"; };
		CC88E1EC2A6586E700E9387F /* Preview Assets.xcassets */ = {isa = PBXFileReference; lastKnownFileType = folder.assetcatalog; path = "Preview Assets.xcassets"; sourceTree = "<group>"; };
		CC88E1F62A6589DC00E9387F /* KinoPubBackend */ = {isa = PBXFileReference; lastKnownFileType = wrapper; name = KinoPubBackend; path = Packages/KinoPubBackend; sourceTree = "<group>"; };
		CC88E1F72A65A42B00E9387F /* KinoPubUI */ = {isa = PBXFileReference; lastKnownFileType = wrapper; name = KinoPubUI; path = Packages/KinoPubUI; sourceTree = "<group>"; };
/* End PBXFileReference section */

/* Begin PBXFrameworksBuildPhase section */
		CC88E1DE2A6586E600E9387F /* Frameworks */ = {
			isa = PBXFrameworksBuildPhase;
			buildActionMask = 2147483647;
			files = (
				CC71E71C2A6DD62E004AFB3F /* FirebasePerformance in Frameworks */,
				CC71E70D2A6DD56A004AFB3F /* SkeletonUI in Frameworks */,
				CC71E7082A6DD119004AFB3F /* KinoPubLogging in Frameworks */,
				CC71E71E2A6DD62E004AFB3F /* FirebaseRemoteConfig in Frameworks */,
				CC71E71A2A6DD62E004AFB3F /* FirebaseMessaging in Frameworks */,
				CC71E7122A6DD62E004AFB3F /* FirebaseAnalytics in Frameworks */,
				CC71E7162A6DD62E004AFB3F /* FirebaseInstallations in Frameworks */,
				CC71E7242A6DD62E004AFB3F /* FirebaseStorageCombine-Community in Frameworks */,
				CC71E7142A6DD62E004AFB3F /* FirebaseCrashlytics in Frameworks */,
				CC71E7062A6DD119004AFB3F /* KinoPubKit in Frameworks */,
				CC71E7182A6DD62E004AFB3F /* FirebaseMLModelDownloader in Frameworks */,
				CC71E7042A6DD119004AFB3F /* KinoPubBackend in Frameworks */,
				CC71E7222A6DD62E004AFB3F /* FirebaseStorage in Frameworks */,
				CC71E70A2A6DD119004AFB3F /* KinoPubUI in Frameworks */,
				CC71E7202A6DD62E004AFB3F /* FirebaseRemoteConfigSwift in Frameworks */,
			);
			runOnlyForDeploymentPostprocessing = 0;
		};
/* End PBXFrameworksBuildPhase section */

/* Begin PBXGroup section */
		CC71E6F12A6C04AE004AFB3F /* Views */ = {
			isa = PBXGroup;
			children = (
				CC71E6F52A6C05BF004AFB3F /* Auth */,
				CC71E6F42A6C05B9004AFB3F /* Bookmarks */,
				CC71E6FD2A6C0691004AFB3F /* Downloads */,
				CC71E6F32A6C05B4004AFB3F /* Main */,
				CC71E6F22A6C04B5004AFB3F /* Root */,
				CC71E6F62A6C0600004AFB3F /* Settings */,
			);
			path = Views;
			sourceTree = "<group>";
		};
		CC71E6F22A6C04B5004AFB3F /* Root */ = {
			isa = PBXGroup;
			children = (
				CC88E1E62A6586E600E9387F /* RootView.swift */,
			);
			path = Root;
			sourceTree = "<group>";
		};
		CC71E6F32A6C05B4004AFB3F /* Main */ = {
			isa = PBXGroup;
			children = (
				CC71E6FB2A6C0678004AFB3F /* MainView.swift */,
			);
			path = Main;
			sourceTree = "<group>";
		};
		CC71E6F42A6C05B9004AFB3F /* Bookmarks */ = {
			isa = PBXGroup;
			children = (
				CC71E6F92A6C0655004AFB3F /* BookmarksView.swift */,
			);
			path = Bookmarks;
			sourceTree = "<group>";
		};
		CC71E6F52A6C05BF004AFB3F /* Auth */ = {
			isa = PBXGroup;
			children = (
				CC71E7002A6DD043004AFB3F /* AuthView.swift */,
			);
			path = Auth;
			sourceTree = "<group>";
		};
		CC71E6F62A6C0600004AFB3F /* Settings */ = {
			isa = PBXGroup;
			children = (
				CC71E6F72A6C0626004AFB3F /* SettingsView.swift */,
			);
			path = Settings;
			sourceTree = "<group>";
		};
		CC71E6FD2A6C0691004AFB3F /* Downloads */ = {
			isa = PBXGroup;
			children = (
				CC71E6FE2A6C069D004AFB3F /* DownloadsView.swift */,
			);
			path = Downloads;
			sourceTree = "<group>";
		};
		CC71E7022A6DD119004AFB3F /* Frameworks */ = {
			isa = PBXGroup;
			children = (
			);
			name = Frameworks;
			sourceTree = "<group>";
		};
		CC88E1D82A6586E600E9387F = {
			isa = PBXGroup;
			children = (
				CC88E1E32A6586E600E9387F /* KinoPubAppleClient */,
				CC88E1F52A6589DC00E9387F /* Packages */,
				CC88E1E22A6586E600E9387F /* Products */,
				CC71E7022A6DD119004AFB3F /* Frameworks */,
			);
			sourceTree = "<group>";
		};
		CC88E1E22A6586E600E9387F /* Products */ = {
			isa = PBXGroup;
			children = (
				CC88E1E12A6586E600E9387F /* KinoPubAppleClient.app */,
			);
			name = Products;
			sourceTree = "<group>";
		};
		CC88E1E32A6586E600E9387F /* KinoPubAppleClient */ = {
			isa = PBXGroup;
			children = (
				CC88E1F42A6587CC00E9387F /* App */,
				CC88E1EB2A6586E700E9387F /* Preview Content */,
				CC88E1F32A6587BB00E9387F /* Resources */,
				CC71E6F12A6C04AE004AFB3F /* Views */,
			);
			path = KinoPubAppleClient;
			sourceTree = "<group>";
		};
		CC88E1EB2A6586E700E9387F /* Preview Content */ = {
			isa = PBXGroup;
			children = (
				CC88E1EC2A6586E700E9387F /* Preview Assets.xcassets */,
			);
			path = "Preview Content";
			sourceTree = "<group>";
		};
		CC88E1F32A6587BB00E9387F /* Resources */ = {
			isa = PBXGroup;
			children = (
				CC71E70E2A6DD5B1004AFB3F /* GoogleService-Info.plist */,
				CC88E1EA2A6586E700E9387F /* KinoPubAppleClient.entitlements */,
				CC88E1E82A6586E700E9387F /* Assets.xcassets */,
				CC71E6ED2A6BF92D004AFB3F /* Launch Screen.storyboard */,
				CC71E6EF2A6C048C004AFB3F /* Localizable.xcstrings */,
			);
			path = Resources;
			sourceTree = "<group>";
		};
		CC88E1F42A6587CC00E9387F /* App */ = {
			isa = PBXGroup;
			children = (
				CC88E1E42A6586E600E9387F /* KinoPubAppleClientApp.swift */,
				CC71E7252A6DD643004AFB3F /* AppDelegate.swift */,
			);
			path = App;
			sourceTree = "<group>";
		};
		CC88E1F52A6589DC00E9387F /* Packages */ = {
			isa = PBXGroup;
			children = (
				CC71E6EC2A6B2FBE004AFB3F /* KinoPubKit */,
				CC676BC52A6ADBEE00B8AC66 /* KinoPubLogging */,
				CC88E1F62A6589DC00E9387F /* KinoPubBackend */,
				CC88E1F72A65A42B00E9387F /* KinoPubUI */,
			);
			name = Packages;
			sourceTree = "<group>";
		};
/* End PBXGroup section */

/* Begin PBXNativeTarget section */
		CC88E1E02A6586E600E9387F /* KinoPubAppleClient */ = {
			isa = PBXNativeTarget;
			buildConfigurationList = CC88E1F02A6586E700E9387F /* Build configuration list for PBXNativeTarget "KinoPubAppleClient" */;
			buildPhases = (
				CC88E1DD2A6586E600E9387F /* Sources */,
				CC88E1DE2A6586E600E9387F /* Frameworks */,
				CC88E1DF2A6586E600E9387F /* Resources */,
			);
			buildRules = (
			);
			dependencies = (
			);
			name = KinoPubAppleClient;
			packageProductDependencies = (
				CC71E7032A6DD119004AFB3F /* KinoPubBackend */,
				CC71E7052A6DD119004AFB3F /* KinoPubKit */,
				CC71E7072A6DD119004AFB3F /* KinoPubLogging */,
				CC71E7092A6DD119004AFB3F /* KinoPubUI */,
				CC71E70C2A6DD56A004AFB3F /* SkeletonUI */,
				CC71E7112A6DD62E004AFB3F /* FirebaseAnalytics */,
				CC71E7132A6DD62E004AFB3F /* FirebaseCrashlytics */,
				CC71E7152A6DD62E004AFB3F /* FirebaseInstallations */,
				CC71E7172A6DD62E004AFB3F /* FirebaseMLModelDownloader */,
				CC71E7192A6DD62E004AFB3F /* FirebaseMessaging */,
				CC71E71B2A6DD62E004AFB3F /* FirebasePerformance */,
				CC71E71D2A6DD62E004AFB3F /* FirebaseRemoteConfig */,
				CC71E71F2A6DD62E004AFB3F /* FirebaseRemoteConfigSwift */,
				CC71E7212A6DD62E004AFB3F /* FirebaseStorage */,
				CC71E7232A6DD62E004AFB3F /* FirebaseStorageCombine-Community */,
			);
			productName = KinoPubAppleClient;
			productReference = CC88E1E12A6586E600E9387F /* KinoPubAppleClient.app */;
			productType = "com.apple.product-type.application";
		};
/* End PBXNativeTarget section */

/* Begin PBXProject section */
		CC88E1D92A6586E600E9387F /* Project object */ = {
			isa = PBXProject;
			attributes = {
				BuildIndependentTargetsInParallel = 1;
				LastSwiftUpdateCheck = 1430;
				LastUpgradeCheck = 1430;
				TargetAttributes = {
					CC88E1E02A6586E600E9387F = {
						CreatedOnToolsVersion = 14.3.1;
					};
				};
			};
			buildConfigurationList = CC88E1DC2A6586E600E9387F /* Build configuration list for PBXProject "KinoPubAppleClient" */;
			compatibilityVersion = "Xcode 14.0";
			developmentRegion = en;
			hasScannedForEncodings = 0;
			knownRegions = (
				en,
				Base,
			);
			mainGroup = CC88E1D82A6586E600E9387F;
			packageReferences = (
				CC71E70B2A6DD56A004AFB3F /* XCRemoteSwiftPackageReference "SkeletonUI" */,
				CC71E7102A6DD62E004AFB3F /* XCRemoteSwiftPackageReference "firebase-ios-sdk" */,
			);
			productRefGroup = CC88E1E22A6586E600E9387F /* Products */;
			projectDirPath = "";
			projectRoot = "";
			targets = (
				CC88E1E02A6586E600E9387F /* KinoPubAppleClient */,
			);
		};
/* End PBXProject section */

/* Begin PBXResourcesBuildPhase section */
		CC88E1DF2A6586E600E9387F /* Resources */ = {
			isa = PBXResourcesBuildPhase;
			buildActionMask = 2147483647;
			files = (
				CC71E6EE2A6BF92D004AFB3F /* Launch Screen.storyboard in Resources */,
				CC88E1ED2A6586E700E9387F /* Preview Assets.xcassets in Resources */,
				CC71E70F2A6DD5B1004AFB3F /* GoogleService-Info.plist in Resources */,
				CC71E6F02A6C048C004AFB3F /* Localizable.xcstrings in Resources */,
				CC88E1E92A6586E700E9387F /* Assets.xcassets in Resources */,
			);
			runOnlyForDeploymentPostprocessing = 0;
		};
/* End PBXResourcesBuildPhase section */

/* Begin PBXSourcesBuildPhase section */
		CC88E1DD2A6586E600E9387F /* Sources */ = {
			isa = PBXSourcesBuildPhase;
			buildActionMask = 2147483647;
			files = (
				CC71E7262A6DD643004AFB3F /* AppDelegate.swift in Sources */,
				CC71E7012A6DD043004AFB3F /* AuthView.swift in Sources */,
				CC71E6F82A6C0626004AFB3F /* SettingsView.swift in Sources */,
				CC88E1E72A6586E600E9387F /* RootView.swift in Sources */,
				CC71E6FA2A6C0655004AFB3F /* BookmarksView.swift in Sources */,
				CC71E6FC2A6C0678004AFB3F /* MainView.swift in Sources */,
				CC71E6FF2A6C069D004AFB3F /* DownloadsView.swift in Sources */,
				CC88E1E52A6586E600E9387F /* KinoPubAppleClientApp.swift in Sources */,
			);
			runOnlyForDeploymentPostprocessing = 0;
		};
/* End PBXSourcesBuildPhase section */

/* Begin XCBuildConfiguration section */
		CC88E1EE2A6586E700E9387F /* Debug */ = {
			isa = XCBuildConfiguration;
			buildSettings = {
				ALWAYS_SEARCH_USER_PATHS = NO;
				CLANG_ANALYZER_NONNULL = YES;
				CLANG_ANALYZER_NUMBER_OBJECT_CONVERSION = YES_AGGRESSIVE;
				CLANG_CXX_LANGUAGE_STANDARD = "gnu++20";
				CLANG_ENABLE_MODULES = YES;
				CLANG_ENABLE_OBJC_ARC = YES;
				CLANG_ENABLE_OBJC_WEAK = YES;
				CLANG_WARN_BLOCK_CAPTURE_AUTORELEASING = YES;
				CLANG_WARN_BOOL_CONVERSION = YES;
				CLANG_WARN_COMMA = YES;
				CLANG_WARN_CONSTANT_CONVERSION = YES;
				CLANG_WARN_DEPRECATED_OBJC_IMPLEMENTATIONS = YES;
				CLANG_WARN_DIRECT_OBJC_ISA_USAGE = YES_ERROR;
				CLANG_WARN_DOCUMENTATION_COMMENTS = YES;
				CLANG_WARN_EMPTY_BODY = YES;
				CLANG_WARN_ENUM_CONVERSION = YES;
				CLANG_WARN_INFINITE_RECURSION = YES;
				CLANG_WARN_INT_CONVERSION = YES;
				CLANG_WARN_NON_LITERAL_NULL_CONVERSION = YES;
				CLANG_WARN_OBJC_IMPLICIT_RETAIN_SELF = YES;
				CLANG_WARN_OBJC_LITERAL_CONVERSION = YES;
				CLANG_WARN_OBJC_ROOT_CLASS = YES_ERROR;
				CLANG_WARN_QUOTED_INCLUDE_IN_FRAMEWORK_HEADER = YES;
				CLANG_WARN_RANGE_LOOP_ANALYSIS = YES;
				CLANG_WARN_STRICT_PROTOTYPES = YES;
				CLANG_WARN_SUSPICIOUS_MOVE = YES;
				CLANG_WARN_UNGUARDED_AVAILABILITY = YES_AGGRESSIVE;
				CLANG_WARN_UNREACHABLE_CODE = YES;
				CLANG_WARN__DUPLICATE_METHOD_MATCH = YES;
				COPY_PHASE_STRIP = NO;
				DEBUG_INFORMATION_FORMAT = dwarf;
				ENABLE_STRICT_OBJC_MSGSEND = YES;
				ENABLE_TESTABILITY = YES;
				GCC_C_LANGUAGE_STANDARD = gnu11;
				GCC_DYNAMIC_NO_PIC = NO;
				GCC_NO_COMMON_BLOCKS = YES;
				GCC_OPTIMIZATION_LEVEL = 0;
				GCC_PREPROCESSOR_DEFINITIONS = (
					"DEBUG=1",
					"$(inherited)",
				);
				GCC_WARN_64_TO_32_BIT_CONVERSION = YES;
				GCC_WARN_ABOUT_RETURN_TYPE = YES_ERROR;
				GCC_WARN_UNDECLARED_SELECTOR = YES;
				GCC_WARN_UNINITIALIZED_AUTOS = YES_AGGRESSIVE;
				GCC_WARN_UNUSED_FUNCTION = YES;
				GCC_WARN_UNUSED_VARIABLE = YES;
				IPHONEOS_DEPLOYMENT_TARGET = 16.0;
				MACOSX_DEPLOYMENT_TARGET = 13.0;
				MTL_ENABLE_DEBUG_INFO = INCLUDE_SOURCE;
				MTL_FAST_MATH = YES;
				ONLY_ACTIVE_ARCH = YES;
				SWIFT_ACTIVE_COMPILATION_CONDITIONS = DEBUG;
				SWIFT_OPTIMIZATION_LEVEL = "-Onone";
			};
			name = Debug;
		};
		CC88E1EF2A6586E700E9387F /* Release */ = {
			isa = XCBuildConfiguration;
			buildSettings = {
				ALWAYS_SEARCH_USER_PATHS = NO;
				CLANG_ANALYZER_NONNULL = YES;
				CLANG_ANALYZER_NUMBER_OBJECT_CONVERSION = YES_AGGRESSIVE;
				CLANG_CXX_LANGUAGE_STANDARD = "gnu++20";
				CLANG_ENABLE_MODULES = YES;
				CLANG_ENABLE_OBJC_ARC = YES;
				CLANG_ENABLE_OBJC_WEAK = YES;
				CLANG_WARN_BLOCK_CAPTURE_AUTORELEASING = YES;
				CLANG_WARN_BOOL_CONVERSION = YES;
				CLANG_WARN_COMMA = YES;
				CLANG_WARN_CONSTANT_CONVERSION = YES;
				CLANG_WARN_DEPRECATED_OBJC_IMPLEMENTATIONS = YES;
				CLANG_WARN_DIRECT_OBJC_ISA_USAGE = YES_ERROR;
				CLANG_WARN_DOCUMENTATION_COMMENTS = YES;
				CLANG_WARN_EMPTY_BODY = YES;
				CLANG_WARN_ENUM_CONVERSION = YES;
				CLANG_WARN_INFINITE_RECURSION = YES;
				CLANG_WARN_INT_CONVERSION = YES;
				CLANG_WARN_NON_LITERAL_NULL_CONVERSION = YES;
				CLANG_WARN_OBJC_IMPLICIT_RETAIN_SELF = YES;
				CLANG_WARN_OBJC_LITERAL_CONVERSION = YES;
				CLANG_WARN_OBJC_ROOT_CLASS = YES_ERROR;
				CLANG_WARN_QUOTED_INCLUDE_IN_FRAMEWORK_HEADER = YES;
				CLANG_WARN_RANGE_LOOP_ANALYSIS = YES;
				CLANG_WARN_STRICT_PROTOTYPES = YES;
				CLANG_WARN_SUSPICIOUS_MOVE = YES;
				CLANG_WARN_UNGUARDED_AVAILABILITY = YES_AGGRESSIVE;
				CLANG_WARN_UNREACHABLE_CODE = YES;
				CLANG_WARN__DUPLICATE_METHOD_MATCH = YES;
				COPY_PHASE_STRIP = NO;
				DEBUG_INFORMATION_FORMAT = "dwarf-with-dsym";
				ENABLE_NS_ASSERTIONS = NO;
				ENABLE_STRICT_OBJC_MSGSEND = YES;
				GCC_C_LANGUAGE_STANDARD = gnu11;
				GCC_NO_COMMON_BLOCKS = YES;
				GCC_WARN_64_TO_32_BIT_CONVERSION = YES;
				GCC_WARN_ABOUT_RETURN_TYPE = YES_ERROR;
				GCC_WARN_UNDECLARED_SELECTOR = YES;
				GCC_WARN_UNINITIALIZED_AUTOS = YES_AGGRESSIVE;
				GCC_WARN_UNUSED_FUNCTION = YES;
				GCC_WARN_UNUSED_VARIABLE = YES;
				IPHONEOS_DEPLOYMENT_TARGET = 16.0;
				MACOSX_DEPLOYMENT_TARGET = 13.0;
				MTL_ENABLE_DEBUG_INFO = NO;
				MTL_FAST_MATH = YES;
				SWIFT_COMPILATION_MODE = wholemodule;
				SWIFT_OPTIMIZATION_LEVEL = "-O";
			};
			name = Release;
		};
		CC88E1F12A6586E700E9387F /* Debug */ = {
			isa = XCBuildConfiguration;
			buildSettings = {
				ASSETCATALOG_COMPILER_APPICON_NAME = AppIcon;
				ASSETCATALOG_COMPILER_GLOBAL_ACCENT_COLOR_NAME = AccentColor;
				CODE_SIGN_ENTITLEMENTS = KinoPubAppleClient/Resources/KinoPubAppleClient.entitlements;
				"CODE_SIGN_IDENTITY[sdk=macosx*]" = "-";
				CODE_SIGN_STYLE = Automatic;
				CURRENT_PROJECT_VERSION = 1;
				DEVELOPMENT_ASSET_PATHS = "\"KinoPubAppleClient/Preview Content\"";
				DEVELOPMENT_TEAM = Z9BGBYPL8S;
				ENABLE_HARDENED_RUNTIME = YES;
				ENABLE_PREVIEWS = YES;
				GENERATE_INFOPLIST_FILE = YES;
				INFOPLIST_KEY_CFBundleDisplayName = KinoPub;
				INFOPLIST_KEY_LSApplicationCategoryType = "public.app-category.entertainment";
				"INFOPLIST_KEY_UIApplicationSceneManifest_Generation[sdk=iphoneos*]" = YES;
				"INFOPLIST_KEY_UIApplicationSceneManifest_Generation[sdk=iphonesimulator*]" = YES;
				"INFOPLIST_KEY_UIApplicationSupportsIndirectInputEvents[sdk=iphoneos*]" = YES;
				"INFOPLIST_KEY_UIApplicationSupportsIndirectInputEvents[sdk=iphonesimulator*]" = YES;
				"INFOPLIST_KEY_UILaunchScreen_Generation[sdk=iphoneos*]" = YES;
				"INFOPLIST_KEY_UILaunchScreen_Generation[sdk=iphonesimulator*]" = YES;
				INFOPLIST_KEY_UILaunchStoryboardName = "Launch Screen.storyboard";
				"INFOPLIST_KEY_UIStatusBarStyle[sdk=iphoneos*]" = UIStatusBarStyleDefault;
				"INFOPLIST_KEY_UIStatusBarStyle[sdk=iphonesimulator*]" = UIStatusBarStyleDefault;
				INFOPLIST_KEY_UISupportedInterfaceOrientations_iPad = "UIInterfaceOrientationPortrait UIInterfaceOrientationPortraitUpsideDown UIInterfaceOrientationLandscapeLeft UIInterfaceOrientationLandscapeRight";
				INFOPLIST_KEY_UISupportedInterfaceOrientations_iPhone = "UIInterfaceOrientationPortrait UIInterfaceOrientationLandscapeLeft UIInterfaceOrientationLandscapeRight";
				IPHONEOS_DEPLOYMENT_TARGET = 16.0;
				LD_RUNPATH_SEARCH_PATHS = "@executable_path/Frameworks";
				"LD_RUNPATH_SEARCH_PATHS[sdk=macosx*]" = "@executable_path/../Frameworks";
				MACOSX_DEPLOYMENT_TARGET = 13.0;
				MARKETING_VERSION = 1.0;
				PRODUCT_BUNDLE_IDENTIFIER = com.kunst.kinopub;
				PRODUCT_NAME = "$(TARGET_NAME)";
				SDKROOT = auto;
				SUPPORTED_PLATFORMS = "iphoneos iphonesimulator macosx";
				SWIFT_EMIT_LOC_STRINGS = YES;
				SWIFT_VERSION = 5.0;
				TARGETED_DEVICE_FAMILY = "1,2";
			};
			name = Debug;
		};
		CC88E1F22A6586E700E9387F /* Release */ = {
			isa = XCBuildConfiguration;
			buildSettings = {
				ASSETCATALOG_COMPILER_APPICON_NAME = AppIcon;
				ASSETCATALOG_COMPILER_GLOBAL_ACCENT_COLOR_NAME = AccentColor;
				CODE_SIGN_ENTITLEMENTS = KinoPubAppleClient/Resources/KinoPubAppleClient.entitlements;
				"CODE_SIGN_IDENTITY[sdk=macosx*]" = "-";
				CODE_SIGN_STYLE = Automatic;
				CURRENT_PROJECT_VERSION = 1;
				DEVELOPMENT_ASSET_PATHS = "\"KinoPubAppleClient/Preview Content\"";
				DEVELOPMENT_TEAM = Z9BGBYPL8S;
				ENABLE_HARDENED_RUNTIME = YES;
				ENABLE_PREVIEWS = YES;
				GENERATE_INFOPLIST_FILE = YES;
				INFOPLIST_KEY_CFBundleDisplayName = KinoPub;
				INFOPLIST_KEY_LSApplicationCategoryType = "public.app-category.entertainment";
				"INFOPLIST_KEY_UIApplicationSceneManifest_Generation[sdk=iphoneos*]" = YES;
				"INFOPLIST_KEY_UIApplicationSceneManifest_Generation[sdk=iphonesimulator*]" = YES;
				"INFOPLIST_KEY_UIApplicationSupportsIndirectInputEvents[sdk=iphoneos*]" = YES;
				"INFOPLIST_KEY_UIApplicationSupportsIndirectInputEvents[sdk=iphonesimulator*]" = YES;
				"INFOPLIST_KEY_UILaunchScreen_Generation[sdk=iphoneos*]" = YES;
				"INFOPLIST_KEY_UILaunchScreen_Generation[sdk=iphonesimulator*]" = YES;
				INFOPLIST_KEY_UILaunchStoryboardName = "Launch Screen.storyboard";
				"INFOPLIST_KEY_UIStatusBarStyle[sdk=iphoneos*]" = UIStatusBarStyleDefault;
				"INFOPLIST_KEY_UIStatusBarStyle[sdk=iphonesimulator*]" = UIStatusBarStyleDefault;
				INFOPLIST_KEY_UISupportedInterfaceOrientations_iPad = "UIInterfaceOrientationPortrait UIInterfaceOrientationPortraitUpsideDown UIInterfaceOrientationLandscapeLeft UIInterfaceOrientationLandscapeRight";
				INFOPLIST_KEY_UISupportedInterfaceOrientations_iPhone = "UIInterfaceOrientationPortrait UIInterfaceOrientationLandscapeLeft UIInterfaceOrientationLandscapeRight";
				IPHONEOS_DEPLOYMENT_TARGET = 16.0;
				LD_RUNPATH_SEARCH_PATHS = "@executable_path/Frameworks";
				"LD_RUNPATH_SEARCH_PATHS[sdk=macosx*]" = "@executable_path/../Frameworks";
				MACOSX_DEPLOYMENT_TARGET = 13.0;
				MARKETING_VERSION = 1.0;
				PRODUCT_BUNDLE_IDENTIFIER = com.kunst.kinopub;
				PRODUCT_NAME = "$(TARGET_NAME)";
				SDKROOT = auto;
				SUPPORTED_PLATFORMS = "iphoneos iphonesimulator macosx";
				SWIFT_EMIT_LOC_STRINGS = YES;
				SWIFT_VERSION = 5.0;
				TARGETED_DEVICE_FAMILY = "1,2";
			};
			name = Release;
		};
/* End XCBuildConfiguration section */

/* Begin XCConfigurationList section */
		CC88E1DC2A6586E600E9387F /* Build configuration list for PBXProject "KinoPubAppleClient" */ = {
			isa = XCConfigurationList;
			buildConfigurations = (
				CC88E1EE2A6586E700E9387F /* Debug */,
				CC88E1EF2A6586E700E9387F /* Release */,
			);
			defaultConfigurationIsVisible = 0;
			defaultConfigurationName = Release;
		};
		CC88E1F02A6586E700E9387F /* Build configuration list for PBXNativeTarget "KinoPubAppleClient" */ = {
			isa = XCConfigurationList;
			buildConfigurations = (
				CC88E1F12A6586E700E9387F /* Debug */,
				CC88E1F22A6586E700E9387F /* Release */,
			);
			defaultConfigurationIsVisible = 0;
			defaultConfigurationName = Release;
		};
/* End XCConfigurationList section */

/* Begin XCRemoteSwiftPackageReference section */
		CC71E70B2A6DD56A004AFB3F /* XCRemoteSwiftPackageReference "SkeletonUI" */ = {
			isa = XCRemoteSwiftPackageReference;
			repositoryURL = "https://github.com/CSolanaM/SkeletonUI.git";
			requirement = {
				branch = master;
				kind = branch;
			};
		};
		CC71E7102A6DD62E004AFB3F /* XCRemoteSwiftPackageReference "firebase-ios-sdk" */ = {
			isa = XCRemoteSwiftPackageReference;
			repositoryURL = "https://github.com/firebase/firebase-ios-sdk.git";
			requirement = {
				kind = upToNextMajorVersion;
				minimumVersion = 10.12.0;
			};
		};
/* End XCRemoteSwiftPackageReference section */

/* Begin XCSwiftPackageProductDependency section */
		CC71E7032A6DD119004AFB3F /* KinoPubBackend */ = {
			isa = XCSwiftPackageProductDependency;
			productName = KinoPubBackend;
		};
		CC71E7052A6DD119004AFB3F /* KinoPubKit */ = {
			isa = XCSwiftPackageProductDependency;
			productName = KinoPubKit;
		};
		CC71E7072A6DD119004AFB3F /* KinoPubLogging */ = {
			isa = XCSwiftPackageProductDependency;
			productName = KinoPubLogging;
		};
		CC71E7092A6DD119004AFB3F /* KinoPubUI */ = {
			isa = XCSwiftPackageProductDependency;
			productName = KinoPubUI;
		};
		CC71E70C2A6DD56A004AFB3F /* SkeletonUI */ = {
			isa = XCSwiftPackageProductDependency;
			package = CC71E70B2A6DD56A004AFB3F /* XCRemoteSwiftPackageReference "SkeletonUI" */;
			productName = SkeletonUI;
		};
		CC71E7112A6DD62E004AFB3F /* FirebaseAnalytics */ = {
			isa = XCSwiftPackageProductDependency;
			package = CC71E7102A6DD62E004AFB3F /* XCRemoteSwiftPackageReference "firebase-ios-sdk" */;
			productName = FirebaseAnalytics;
		};
		CC71E7132A6DD62E004AFB3F /* FirebaseCrashlytics */ = {
			isa = XCSwiftPackageProductDependency;
			package = CC71E7102A6DD62E004AFB3F /* XCRemoteSwiftPackageReference "firebase-ios-sdk" */;
			productName = FirebaseCrashlytics;
		};
		CC71E7152A6DD62E004AFB3F /* FirebaseInstallations */ = {
			isa = XCSwiftPackageProductDependency;
			package = CC71E7102A6DD62E004AFB3F /* XCRemoteSwiftPackageReference "firebase-ios-sdk" */;
			productName = FirebaseInstallations;
		};
		CC71E7172A6DD62E004AFB3F /* FirebaseMLModelDownloader */ = {
			isa = XCSwiftPackageProductDependency;
			package = CC71E7102A6DD62E004AFB3F /* XCRemoteSwiftPackageReference "firebase-ios-sdk" */;
			productName = FirebaseMLModelDownloader;
		};
		CC71E7192A6DD62E004AFB3F /* FirebaseMessaging */ = {
			isa = XCSwiftPackageProductDependency;
			package = CC71E7102A6DD62E004AFB3F /* XCRemoteSwiftPackageReference "firebase-ios-sdk" */;
			productName = FirebaseMessaging;
		};
		CC71E71B2A6DD62E004AFB3F /* FirebasePerformance */ = {
			isa = XCSwiftPackageProductDependency;
			package = CC71E7102A6DD62E004AFB3F /* XCRemoteSwiftPackageReference "firebase-ios-sdk" */;
			productName = FirebasePerformance;
		};
		CC71E71D2A6DD62E004AFB3F /* FirebaseRemoteConfig */ = {
			isa = XCSwiftPackageProductDependency;
			package = CC71E7102A6DD62E004AFB3F /* XCRemoteSwiftPackageReference "firebase-ios-sdk" */;
			productName = FirebaseRemoteConfig;
		};
		CC71E71F2A6DD62E004AFB3F /* FirebaseRemoteConfigSwift */ = {
			isa = XCSwiftPackageProductDependency;
			package = CC71E7102A6DD62E004AFB3F /* XCRemoteSwiftPackageReference "firebase-ios-sdk" */;
			productName = FirebaseRemoteConfigSwift;
		};
		CC71E7212A6DD62E004AFB3F /* FirebaseStorage */ = {
			isa = XCSwiftPackageProductDependency;
			package = CC71E7102A6DD62E004AFB3F /* XCRemoteSwiftPackageReference "firebase-ios-sdk" */;
			productName = FirebaseStorage;
		};
		CC71E7232A6DD62E004AFB3F /* FirebaseStorageCombine-Community */ = {
			isa = XCSwiftPackageProductDependency;
			package = CC71E7102A6DD62E004AFB3F /* XCRemoteSwiftPackageReference "firebase-ios-sdk" */;
			productName = "FirebaseStorageCombine-Community";
		};
/* End XCSwiftPackageProductDependency section */
	};
	rootObject = CC88E1D92A6586E600E9387F /* Project object */;
}
