// !$*UTF8*$!
{
	archiveVersion = 1;
	classes = {
	};
	objectVersion = 56;
	objects = {

/* Begin PBXBuildFile section */
		CC71E6EE2A6BF92D004AFB3F /* Launch Screen.storyboard in Resources */ = {isa = PBXBuildFile; fileRef = CC71E6ED2A6BF92D004AFB3F /* Launch Screen.storyboard */; platformFilter = ios; };
		CC71E6F02A6C048C004AFB3F /* Localizable.xcstrings in Resources */ = {isa = PBXBuildFile; fileRef = CC71E6EF2A6C048C004AFB3F /* Localizable.xcstrings */; };
		CC71E6F82A6C0626004AFB3F /* SettingsView.swift in Sources */ = {isa = PBXBuildFile; fileRef = CC71E6F72A6C0626004AFB3F /* SettingsView.swift */; };
		CC71E6FA2A6C0655004AFB3F /* BookmarksView.swift in Sources */ = {isa = PBXBuildFile; fileRef = CC71E6F92A6C0655004AFB3F /* BookmarksView.swift */; };
		CC71E6FC2A6C0678004AFB3F /* MainView.swift in Sources */ = {isa = PBXBuildFile; fileRef = CC71E6FB2A6C0678004AFB3F /* MainView.swift */; };
		CC71E6FF2A6C069D004AFB3F /* DownloadsView.swift in Sources */ = {isa = PBXBuildFile; fileRef = CC71E6FE2A6C069D004AFB3F /* DownloadsView.swift */; };
		CC71E7012A6DD043004AFB3F /* AuthView.swift in Sources */ = {isa = PBXBuildFile; fileRef = CC71E7002A6DD043004AFB3F /* AuthView.swift */; };
		CC71E7042A6DD119004AFB3F /* KinoPubBackend in Frameworks */ = {isa = PBXBuildFile; productRef = CC71E7032A6DD119004AFB3F /* KinoPubBackend */; };
		CC71E7062A6DD119004AFB3F /* KinoPubKit in Frameworks */ = {isa = PBXBuildFile; productRef = CC71E7052A6DD119004AFB3F /* KinoPubKit */; };
		CC71E7082A6DD119004AFB3F /* KinoPubLogging in Frameworks */ = {isa = PBXBuildFile; productRef = CC71E7072A6DD119004AFB3F /* KinoPubLogging */; };
		CC71E70A2A6DD119004AFB3F /* KinoPubUI in Frameworks */ = {isa = PBXBuildFile; productRef = CC71E7092A6DD119004AFB3F /* KinoPubUI */; };
		CC71E70D2A6DD56A004AFB3F /* SkeletonUI in Frameworks */ = {isa = PBXBuildFile; productRef = CC71E70C2A6DD56A004AFB3F /* SkeletonUI */; };
		CC71E70F2A6DD5B1004AFB3F /* GoogleService-Info.plist in Resources */ = {isa = PBXBuildFile; fileRef = CC71E70E2A6DD5B1004AFB3F /* GoogleService-Info.plist */; };
		CC71E7122A6DD62E004AFB3F /* FirebaseAnalytics in Frameworks */ = {isa = PBXBuildFile; productRef = CC71E7112A6DD62E004AFB3F /* FirebaseAnalytics */; };
		CC71E7142A6DD62E004AFB3F /* FirebaseCrashlytics in Frameworks */ = {isa = PBXBuildFile; productRef = CC71E7132A6DD62E004AFB3F /* FirebaseCrashlytics */; };
		CC71E7162A6DD62E004AFB3F /* FirebaseInstallations in Frameworks */ = {isa = PBXBuildFile; productRef = CC71E7152A6DD62E004AFB3F /* FirebaseInstallations */; };
		CC71E7182A6DD62E004AFB3F /* FirebaseMLModelDownloader in Frameworks */ = {isa = PBXBuildFile; productRef = CC71E7172A6DD62E004AFB3F /* FirebaseMLModelDownloader */; };
		CC71E71A2A6DD62E004AFB3F /* FirebaseMessaging in Frameworks */ = {isa = PBXBuildFile; productRef = CC71E7192A6DD62E004AFB3F /* FirebaseMessaging */; };
		CC71E71C2A6DD62E004AFB3F /* FirebasePerformance in Frameworks */ = {isa = PBXBuildFile; productRef = CC71E71B2A6DD62E004AFB3F /* FirebasePerformance */; };
		CC71E71E2A6DD62E004AFB3F /* FirebaseRemoteConfig in Frameworks */ = {isa = PBXBuildFile; productRef = CC71E71D2A6DD62E004AFB3F /* FirebaseRemoteConfig */; };
		CC71E7202A6DD62E004AFB3F /* FirebaseRemoteConfigSwift in Frameworks */ = {isa = PBXBuildFile; productRef = CC71E71F2A6DD62E004AFB3F /* FirebaseRemoteConfigSwift */; };
		CC71E7222A6DD62E004AFB3F /* FirebaseStorage in Frameworks */ = {isa = PBXBuildFile; productRef = CC71E7212A6DD62E004AFB3F /* FirebaseStorage */; };
		CC71E7242A6DD62E004AFB3F /* FirebaseStorageCombine-Community in Frameworks */ = {isa = PBXBuildFile; productRef = CC71E7232A6DD62E004AFB3F /* FirebaseStorageCombine-Community */; };
		CC71E7262A6DD643004AFB3F /* AppDelegate.swift in Sources */ = {isa = PBXBuildFile; fileRef = CC71E7252A6DD643004AFB3F /* AppDelegate.swift */; };
		CC7FCE872A72ACB700DFC0A9 /* AuthModel.swift in Sources */ = {isa = PBXBuildFile; fileRef = CC7FCE862A72ACB700DFC0A9 /* AuthModel.swift */; };
		CC7FCE8C2A72D23600DFC0A9 /* APIClientError+Description.swift in Sources */ = {isa = PBXBuildFile; fileRef = CC7FCE8B2A72D23600DFC0A9 /* APIClientError+Description.swift */; };
		CC7FCE912A730CC000DFC0A9 /* ToastContentView.swift in Sources */ = {isa = PBXBuildFile; fileRef = CC7FCE902A730CC000DFC0A9 /* ToastContentView.swift */; };
		CC7FCE942A730DA400DFC0A9 /* PopupView in Frameworks */ = {isa = PBXBuildFile; productRef = CC7FCE932A730DA400DFC0A9 /* PopupView */; };
		CC88E1E52A6586E600E9387F /* KinoPubAppleClientApp.swift in Sources */ = {isa = PBXBuildFile; fileRef = CC88E1E42A6586E600E9387F /* KinoPubAppleClientApp.swift */; };
		CC88E1E72A6586E600E9387F /* RootView.swift in Sources */ = {isa = PBXBuildFile; fileRef = CC88E1E62A6586E600E9387F /* RootView.swift */; };
		CC88E1E92A6586E700E9387F /* Assets.xcassets in Resources */ = {isa = PBXBuildFile; fileRef = CC88E1E82A6586E700E9387F /* Assets.xcassets */; };
		CCE9C6DA2A73DB73007923C0 /* MediaItemView.swift in Sources */ = {isa = PBXBuildFile; fileRef = CCE9C6D92A73DB73007923C0 /* MediaItemView.swift */; };
		CCE9C6DC2A73DB87007923C0 /* BookmarksCatalog.swift in Sources */ = {isa = PBXBuildFile; fileRef = CCE9C6DB2A73DB87007923C0 /* BookmarksCatalog.swift */; };
		CCE9C6DF2A73EA46007923C0 /* ShortcutView.swift in Sources */ = {isa = PBXBuildFile; fileRef = CCE9C6DE2A73EA46007923C0 /* ShortcutView.swift */; };
		CCF3881A2A71882300242581 /* AuthorizationService.swift in Sources */ = {isa = PBXBuildFile; fileRef = CCF388192A71882300242581 /* AuthorizationService.swift */; };
		CCF3881E2A71885900242581 /* AuthorizationServiceImpl.swift in Sources */ = {isa = PBXBuildFile; fileRef = CCF3881D2A71885900242581 /* AuthorizationServiceImpl.swift */; };
		CCF388212A718ADE00242581 /* VideoContentService.swift in Sources */ = {isa = PBXBuildFile; fileRef = CCF388202A718ADE00242581 /* VideoContentService.swift */; };
		CCF388252A718AF300242581 /* VideoContentServiceImpl.swift in Sources */ = {isa = PBXBuildFile; fileRef = CCF388242A718AF300242581 /* VideoContentServiceImpl.swift */; };
		CCF388282A718BB600242581 /* AppContext.swift in Sources */ = {isa = PBXBuildFile; fileRef = CCF388272A718BB600242581 /* AppContext.swift */; };
		CCF3882B2A718E6300242581 /* Configuration.swift in Sources */ = {isa = PBXBuildFile; fileRef = CCF3882A2A718E6300242581 /* Configuration.swift */; };
		CCF3882F2A718EAA00242581 /* BundleConfiguration.swift in Sources */ = {isa = PBXBuildFile; fileRef = CCF3882E2A718EAA00242581 /* BundleConfiguration.swift */; };
		CCF388322A71C13900242581 /* MediaCatalog.swift in Sources */ = {isa = PBXBuildFile; fileRef = CCF388312A71C13900242581 /* MediaCatalog.swift */; };
		CCF388352A71C83500242581 /* KeychainAccess in Frameworks */ = {isa = PBXBuildFile; productRef = CCF388342A71C83500242581 /* KeychainAccess */; };
		CCF388382A71C87E00242581 /* KeychainStorage.swift in Sources */ = {isa = PBXBuildFile; fileRef = CCF388372A71C87E00242581 /* KeychainStorage.swift */; };
		CCF3883C2A71C8D600242581 /* KeychainStorageImpl.swift in Sources */ = {isa = PBXBuildFile; fileRef = CCF3883B2A71C8D600242581 /* KeychainStorageImpl.swift */; };
		CCF3883F2A71C98C00242581 /* AccessTokenService.swift in Sources */ = {isa = PBXBuildFile; fileRef = CCF3883E2A71C98C00242581 /* AccessTokenService.swift */; };
		CCF388412A71C9CF00242581 /* AccessTokenServiceImpl.swift in Sources */ = {isa = PBXBuildFile; fileRef = CCF388402A71C9CF00242581 /* AccessTokenServiceImpl.swift */; };
		CCF388432A71CB3F00242581 /* AccessTokenPlugin.swift in Sources */ = {isa = PBXBuildFile; fileRef = CCF388422A71CB3F00242581 /* AccessTokenPlugin.swift */; };
/* End PBXBuildFile section */

/* Begin PBXFileReference section */
		CC676BC52A6ADBEE00B8AC66 /* KinoPubLogging */ = {isa = PBXFileReference; lastKnownFileType = wrapper; name = KinoPubLogging; path = Packages/KinoPubLogging; sourceTree = "<group>"; };
		CC71E6EC2A6B2FBE004AFB3F /* KinoPubKit */ = {isa = PBXFileReference; lastKnownFileType = wrapper; name = KinoPubKit; path = Packages/KinoPubKit; sourceTree = "<group>"; };
		CC71E6ED2A6BF92D004AFB3F /* Launch Screen.storyboard */ = {isa = PBXFileReference; lastKnownFileType = file.storyboard; path = "Launch Screen.storyboard"; sourceTree = "<group>"; };
		CC71E6EF2A6C048C004AFB3F /* Localizable.xcstrings */ = {isa = PBXFileReference; lastKnownFileType = text.json.xcstrings; path = Localizable.xcstrings; sourceTree = "<group>"; };
		CC71E6F72A6C0626004AFB3F /* SettingsView.swift */ = {isa = PBXFileReference; lastKnownFileType = sourcecode.swift; path = SettingsView.swift; sourceTree = "<group>"; };
		CC71E6F92A6C0655004AFB3F /* BookmarksView.swift */ = {isa = PBXFileReference; lastKnownFileType = sourcecode.swift; path = BookmarksView.swift; sourceTree = "<group>"; };
		CC71E6FB2A6C0678004AFB3F /* MainView.swift */ = {isa = PBXFileReference; lastKnownFileType = sourcecode.swift; path = MainView.swift; sourceTree = "<group>"; };
		CC71E6FE2A6C069D004AFB3F /* DownloadsView.swift */ = {isa = PBXFileReference; lastKnownFileType = sourcecode.swift; path = DownloadsView.swift; sourceTree = "<group>"; };
		CC71E7002A6DD043004AFB3F /* AuthView.swift */ = {isa = PBXFileReference; lastKnownFileType = sourcecode.swift; path = AuthView.swift; sourceTree = "<group>"; };
		CC71E70E2A6DD5B1004AFB3F /* GoogleService-Info.plist */ = {isa = PBXFileReference; fileEncoding = 4; lastKnownFileType = text.plist.xml; path = "GoogleService-Info.plist"; sourceTree = "<group>"; };
		CC71E7252A6DD643004AFB3F /* AppDelegate.swift */ = {isa = PBXFileReference; lastKnownFileType = sourcecode.swift; path = AppDelegate.swift; sourceTree = "<group>"; };
		CC7FCE862A72ACB700DFC0A9 /* AuthModel.swift */ = {isa = PBXFileReference; lastKnownFileType = sourcecode.swift; path = AuthModel.swift; sourceTree = "<group>"; };
		CC7FCE8B2A72D23600DFC0A9 /* APIClientError+Description.swift */ = {isa = PBXFileReference; lastKnownFileType = sourcecode.swift; path = "APIClientError+Description.swift"; sourceTree = "<group>"; };
		CC7FCE902A730CC000DFC0A9 /* ToastContentView.swift */ = {isa = PBXFileReference; lastKnownFileType = sourcecode.swift; path = ToastContentView.swift; sourceTree = "<group>"; };
		CC88E1E12A6586E600E9387F /* KinoPubAppleClient.app */ = {isa = PBXFileReference; explicitFileType = wrapper.application; includeInIndex = 0; path = KinoPubAppleClient.app; sourceTree = BUILT_PRODUCTS_DIR; };
		CC88E1E42A6586E600E9387F /* KinoPubAppleClientApp.swift */ = {isa = PBXFileReference; lastKnownFileType = sourcecode.swift; path = KinoPubAppleClientApp.swift; sourceTree = "<group>"; };
		CC88E1E62A6586E600E9387F /* RootView.swift */ = {isa = PBXFileReference; lastKnownFileType = sourcecode.swift; path = RootView.swift; sourceTree = "<group>"; };
		CC88E1E82A6586E700E9387F /* Assets.xcassets */ = {isa = PBXFileReference; lastKnownFileType = folder.assetcatalog; path = Assets.xcassets; sourceTree = "<group>"; };
		CC88E1EA2A6586E700E9387F /* KinoPubAppleClient.entitlements */ = {isa = PBXFileReference; lastKnownFileType = text.plist.entitlements; path = KinoPubAppleClient.entitlements; sourceTree = "<group>"; };
		CC88E1F62A6589DC00E9387F /* KinoPubBackend */ = {isa = PBXFileReference; lastKnownFileType = wrapper; name = KinoPubBackend; path = Packages/KinoPubBackend; sourceTree = "<group>"; };
		CC88E1F72A65A42B00E9387F /* KinoPubUI */ = {isa = PBXFileReference; lastKnownFileType = wrapper; name = KinoPubUI; path = Packages/KinoPubUI; sourceTree = "<group>"; };
		CCE9C6D92A73DB73007923C0 /* MediaItemView.swift */ = {isa = PBXFileReference; lastKnownFileType = sourcecode.swift; path = MediaItemView.swift; sourceTree = "<group>"; };
		CCE9C6DB2A73DB87007923C0 /* BookmarksCatalog.swift */ = {isa = PBXFileReference; lastKnownFileType = sourcecode.swift; path = BookmarksCatalog.swift; sourceTree = "<group>"; };
		CCE9C6DE2A73EA46007923C0 /* ShortcutView.swift */ = {isa = PBXFileReference; lastKnownFileType = sourcecode.swift; path = ShortcutView.swift; sourceTree = "<group>"; };
		CCF388192A71882300242581 /* AuthorizationService.swift */ = {isa = PBXFileReference; lastKnownFileType = sourcecode.swift; path = AuthorizationService.swift; sourceTree = "<group>"; };
		CCF3881D2A71885900242581 /* AuthorizationServiceImpl.swift */ = {isa = PBXFileReference; lastKnownFileType = sourcecode.swift; path = AuthorizationServiceImpl.swift; sourceTree = "<group>"; };
		CCF388202A718ADE00242581 /* VideoContentService.swift */ = {isa = PBXFileReference; lastKnownFileType = sourcecode.swift; path = VideoContentService.swift; sourceTree = "<group>"; };
		CCF388242A718AF300242581 /* VideoContentServiceImpl.swift */ = {isa = PBXFileReference; lastKnownFileType = sourcecode.swift; path = VideoContentServiceImpl.swift; sourceTree = "<group>"; };
		CCF388272A718BB600242581 /* AppContext.swift */ = {isa = PBXFileReference; lastKnownFileType = sourcecode.swift; path = AppContext.swift; sourceTree = "<group>"; };
		CCF3882A2A718E6300242581 /* Configuration.swift */ = {isa = PBXFileReference; lastKnownFileType = sourcecode.swift; path = Configuration.swift; sourceTree = "<group>"; };
		CCF3882E2A718EAA00242581 /* BundleConfiguration.swift */ = {isa = PBXFileReference; lastKnownFileType = sourcecode.swift; path = BundleConfiguration.swift; sourceTree = "<group>"; };
		CCF388302A718FED00242581 /* Info.plist */ = {isa = PBXFileReference; lastKnownFileType = text.plist.xml; path = Info.plist; sourceTree = "<group>"; };
		CCF388312A71C13900242581 /* MediaCatalog.swift */ = {isa = PBXFileReference; lastKnownFileType = sourcecode.swift; path = MediaCatalog.swift; sourceTree = "<group>"; };
		CCF388372A71C87E00242581 /* KeychainStorage.swift */ = {isa = PBXFileReference; lastKnownFileType = sourcecode.swift; path = KeychainStorage.swift; sourceTree = "<group>"; };
		CCF3883B2A71C8D600242581 /* KeychainStorageImpl.swift */ = {isa = PBXFileReference; lastKnownFileType = sourcecode.swift; path = KeychainStorageImpl.swift; sourceTree = "<group>"; };
		CCF3883E2A71C98C00242581 /* AccessTokenService.swift */ = {isa = PBXFileReference; lastKnownFileType = sourcecode.swift; path = AccessTokenService.swift; sourceTree = "<group>"; };
		CCF388402A71C9CF00242581 /* AccessTokenServiceImpl.swift */ = {isa = PBXFileReference; lastKnownFileType = sourcecode.swift; path = AccessTokenServiceImpl.swift; sourceTree = "<group>"; };
		CCF388422A71CB3F00242581 /* AccessTokenPlugin.swift */ = {isa = PBXFileReference; lastKnownFileType = sourcecode.swift; path = AccessTokenPlugin.swift; sourceTree = "<group>"; };
/* End PBXFileReference section */

/* Begin PBXFrameworksBuildPhase section */
		CC88E1DE2A6586E600E9387F /* Frameworks */ = {
			isa = PBXFrameworksBuildPhase;
			buildActionMask = 2147483647;
			files = (
				CC71E71C2A6DD62E004AFB3F /* FirebasePerformance in Frameworks */,
				CC71E70D2A6DD56A004AFB3F /* SkeletonUI in Frameworks */,
				CC71E7082A6DD119004AFB3F /* KinoPubLogging in Frameworks */,
				CC71E71E2A6DD62E004AFB3F /* FirebaseRemoteConfig in Frameworks */,
				CC71E71A2A6DD62E004AFB3F /* FirebaseMessaging in Frameworks */,
				CC71E7122A6DD62E004AFB3F /* FirebaseAnalytics in Frameworks */,
				CC71E7162A6DD62E004AFB3F /* FirebaseInstallations in Frameworks */,
				CC71E7242A6DD62E004AFB3F /* FirebaseStorageCombine-Community in Frameworks */,
				CC71E7142A6DD62E004AFB3F /* FirebaseCrashlytics in Frameworks */,
				CC71E7062A6DD119004AFB3F /* KinoPubKit in Frameworks */,
				CC71E7182A6DD62E004AFB3F /* FirebaseMLModelDownloader in Frameworks */,
				CC71E7042A6DD119004AFB3F /* KinoPubBackend in Frameworks */,
				CC7FCE942A730DA400DFC0A9 /* PopupView in Frameworks */,
				CCF388352A71C83500242581 /* KeychainAccess in Frameworks */,
				CC71E7222A6DD62E004AFB3F /* FirebaseStorage in Frameworks */,
				CC71E70A2A6DD119004AFB3F /* KinoPubUI in Frameworks */,
				CC71E7202A6DD62E004AFB3F /* FirebaseRemoteConfigSwift in Frameworks */,
			);
			runOnlyForDeploymentPostprocessing = 0;
		};
/* End PBXFrameworksBuildPhase section */

/* Begin PBXGroup section */
		CC71E6F12A6C04AE004AFB3F /* Views */ = {
			isa = PBXGroup;
			children = (
				CC71E6F52A6C05BF004AFB3F /* Auth */,
				CC71E6F42A6C05B9004AFB3F /* Bookmarks */,
				CCF388152A71816B00242581 /* MediaItem */,
				CC71E6FD2A6C0691004AFB3F /* Downloads */,
				CC71E6F32A6C05B4004AFB3F /* Main */,
				CCF388162A71817300242581 /* Player */,
				CC71E6F22A6C04B5004AFB3F /* Root */,
				CC71E6F62A6C0600004AFB3F /* Settings */,
			);
			path = Views;
			sourceTree = "<group>";
		};
		CC71E6F22A6C04B5004AFB3F /* Root */ = {
			isa = PBXGroup;
			children = (
				CC88E1E62A6586E600E9387F /* RootView.swift */,
			);
			path = Root;
			sourceTree = "<group>";
		};
		CC71E6F32A6C05B4004AFB3F /* Main */ = {
			isa = PBXGroup;
			children = (
				CCE9C6DD2A73EA11007923C0 /* Shortcut */,
				CC71E6FB2A6C0678004AFB3F /* MainView.swift */,
				CCF388312A71C13900242581 /* MediaCatalog.swift */,
			);
			path = Main;
			sourceTree = "<group>";
		};
		CC71E6F42A6C05B9004AFB3F /* Bookmarks */ = {
			isa = PBXGroup;
			children = (
				CC71E6F92A6C0655004AFB3F /* BookmarksView.swift */,
				CCE9C6DB2A73DB87007923C0 /* BookmarksCatalog.swift */,
			);
			path = Bookmarks;
			sourceTree = "<group>";
		};
		CC71E6F52A6C05BF004AFB3F /* Auth */ = {
			isa = PBXGroup;
			children = (
				CC71E7002A6DD043004AFB3F /* AuthView.swift */,
				CC7FCE862A72ACB700DFC0A9 /* AuthModel.swift */,
			);
			path = Auth;
			sourceTree = "<group>";
		};
		CC71E6F62A6C0600004AFB3F /* Settings */ = {
			isa = PBXGroup;
			children = (
				CC71E6F72A6C0626004AFB3F /* SettingsView.swift */,
			);
			path = Settings;
			sourceTree = "<group>";
		};
		CC71E6FD2A6C0691004AFB3F /* Downloads */ = {
			isa = PBXGroup;
			children = (
				CC71E6FE2A6C069D004AFB3F /* DownloadsView.swift */,
			);
			path = Downloads;
			sourceTree = "<group>";
		};
		CC71E7022A6DD119004AFB3F /* Frameworks */ = {
			isa = PBXGroup;
			children = (
			);
			name = Frameworks;
			sourceTree = "<group>";
		};
		CC7FCE8D2A72D3BD00DFC0A9 /* Custom */ = {
			isa = PBXGroup;
			children = (
				CC7FCE8B2A72D23600DFC0A9 /* APIClientError+Description.swift */,
			);
			path = Custom;
			sourceTree = "<group>";
		};
		CC88E1D82A6586E600E9387F = {
			isa = PBXGroup;
			children = (
				CC88E1E32A6586E600E9387F /* KinoPubAppleClient */,
				CC88E1F52A6589DC00E9387F /* Packages */,
				CC88E1E22A6586E600E9387F /* Products */,
				CC71E7022A6DD119004AFB3F /* Frameworks */,
			);
			sourceTree = "<group>";
		};
		CC88E1E22A6586E600E9387F /* Products */ = {
			isa = PBXGroup;
			children = (
				CC88E1E12A6586E600E9387F /* KinoPubAppleClient.app */,
			);
			name = Products;
			sourceTree = "<group>";
		};
		CC88E1E32A6586E600E9387F /* KinoPubAppleClient */ = {
			isa = PBXGroup;
			children = (
				CC88E1F42A6587CC00E9387F /* App */,
				CCE9C6D82A73DB4C007923C0 /* Components */,
				CCF388262A718BAA00242581 /* Context */,
				CC7FCE8D2A72D3BD00DFC0A9 /* Custom */,
				CCF388302A718FED00242581 /* Info.plist */,
				CC88E1F32A6587BB00E9387F /* Resources */,
				CCF388172A7187F900242581 /* Services */,
				CC71E6F12A6C04AE004AFB3F /* Views */,
			);
			path = KinoPubAppleClient;
			sourceTree = "<group>";
		};
		CC88E1F32A6587BB00E9387F /* Resources */ = {
			isa = PBXGroup;
			children = (
				CC71E70E2A6DD5B1004AFB3F /* GoogleService-Info.plist */,
				CC88E1EA2A6586E700E9387F /* KinoPubAppleClient.entitlements */,
				CC88E1E82A6586E700E9387F /* Assets.xcassets */,
				CC71E6ED2A6BF92D004AFB3F /* Launch Screen.storyboard */,
				CC71E6EF2A6C048C004AFB3F /* Localizable.xcstrings */,
			);
			path = Resources;
			sourceTree = "<group>";
		};
		CC88E1F42A6587CC00E9387F /* App */ = {
			isa = PBXGroup;
			children = (
				CC88E1E42A6586E600E9387F /* KinoPubAppleClientApp.swift */,
				CC71E7252A6DD643004AFB3F /* AppDelegate.swift */,
			);
			path = App;
			sourceTree = "<group>";
		};
		CC88E1F52A6589DC00E9387F /* Packages */ = {
			isa = PBXGroup;
			children = (
				CC71E6EC2A6B2FBE004AFB3F /* KinoPubKit */,
				CC676BC52A6ADBEE00B8AC66 /* KinoPubLogging */,
				CC88E1F62A6589DC00E9387F /* KinoPubBackend */,
				CC88E1F72A65A42B00E9387F /* KinoPubUI */,
			);
			name = Packages;
			sourceTree = "<group>";
		};
		CCE9C6D82A73DB4C007923C0 /* Components */ = {
			isa = PBXGroup;
			children = (
				CC7FCE902A730CC000DFC0A9 /* ToastContentView.swift */,
			);
			path = Components;
			sourceTree = "<group>";
		};
		CCE9C6DD2A73EA11007923C0 /* Shortcut */ = {
			isa = PBXGroup;
			children = (
				CCE9C6DE2A73EA46007923C0 /* ShortcutView.swift */,
			);
			path = Shortcut;
			sourceTree = "<group>";
		};
		CCF388152A71816B00242581 /* MediaItem */ = {
			isa = PBXGroup;
			children = (
				CCE9C6D92A73DB73007923C0 /* MediaItemView.swift */,
			);
			path = MediaItem;
			sourceTree = "<group>";
		};
		CCF388162A71817300242581 /* Player */ = {
			isa = PBXGroup;
			children = (
			);
			path = Player;
			sourceTree = "<group>";
		};
		CCF388172A7187F900242581 /* Services */ = {
			isa = PBXGroup;
			children = (
				CCF3883D2A71C97E00242581 /* AccessToken */,
				CCF388182A71880100242581 /* Authorization */,
				CCF388292A718E5700242581 /* Configuration */,
				CCF388362A71C86900242581 /* KeychainStorage */,
				CCF3881F2A718AD100242581 /* VideoContent */,
			);
			path = Services;
			sourceTree = "<group>";
		};
		CCF388182A71880100242581 /* Authorization */ = {
			isa = PBXGroup;
			children = (
				CCF388192A71882300242581 /* AuthorizationService.swift */,
				CCF3881D2A71885900242581 /* AuthorizationServiceImpl.swift */,
			);
			path = Authorization;
			sourceTree = "<group>";
		};
		CCF3881F2A718AD100242581 /* VideoContent */ = {
			isa = PBXGroup;
			children = (
				CCF388202A718ADE00242581 /* VideoContentService.swift */,
				CCF388242A718AF300242581 /* VideoContentServiceImpl.swift */,
			);
			path = VideoContent;
			sourceTree = "<group>";
		};
		CCF388262A718BAA00242581 /* Context */ = {
			isa = PBXGroup;
			children = (
				CCF388272A718BB600242581 /* AppContext.swift */,
			);
			path = Context;
			sourceTree = "<group>";
		};
		CCF388292A718E5700242581 /* Configuration */ = {
			isa = PBXGroup;
			children = (
				CCF3882A2A718E6300242581 /* Configuration.swift */,
				CCF3882E2A718EAA00242581 /* BundleConfiguration.swift */,
			);
			path = Configuration;
			sourceTree = "<group>";
		};
		CCF388362A71C86900242581 /* KeychainStorage */ = {
			isa = PBXGroup;
			children = (
				CCF388372A71C87E00242581 /* KeychainStorage.swift */,
				CCF3883B2A71C8D600242581 /* KeychainStorageImpl.swift */,
			);
			path = KeychainStorage;
			sourceTree = "<group>";
		};
		CCF3883D2A71C97E00242581 /* AccessToken */ = {
			isa = PBXGroup;
			children = (
				CCF3883E2A71C98C00242581 /* AccessTokenService.swift */,
				CCF388402A71C9CF00242581 /* AccessTokenServiceImpl.swift */,
				CCF388422A71CB3F00242581 /* AccessTokenPlugin.swift */,
			);
			path = AccessToken;
			sourceTree = "<group>";
		};
/* End PBXGroup section */

/* Begin PBXNativeTarget section */
		CC88E1E02A6586E600E9387F /* KinoPubAppleClient */ = {
			isa = PBXNativeTarget;
			buildConfigurationList = CC88E1F02A6586E700E9387F /* Build configuration list for PBXNativeTarget "KinoPubAppleClient" */;
			buildPhases = (
				CC88E1DD2A6586E600E9387F /* Sources */,
				CC88E1DE2A6586E600E9387F /* Frameworks */,
				CC88E1DF2A6586E600E9387F /* Resources */,
			);
			buildRules = (
			);
			dependencies = (
			);
			name = KinoPubAppleClient;
			packageProductDependencies = (
				CC71E7032A6DD119004AFB3F /* KinoPubBackend */,
				CC71E7052A6DD119004AFB3F /* KinoPubKit */,
				CC71E7072A6DD119004AFB3F /* KinoPubLogging */,
				CC71E7092A6DD119004AFB3F /* KinoPubUI */,
				CC71E70C2A6DD56A004AFB3F /* SkeletonUI */,
				CC71E7112A6DD62E004AFB3F /* FirebaseAnalytics */,
				CC71E7132A6DD62E004AFB3F /* FirebaseCrashlytics */,
				CC71E7152A6DD62E004AFB3F /* FirebaseInstallations */,
				CC71E7172A6DD62E004AFB3F /* FirebaseMLModelDownloader */,
				CC71E7192A6DD62E004AFB3F /* FirebaseMessaging */,
				CC71E71B2A6DD62E004AFB3F /* FirebasePerformance */,
				CC71E71D2A6DD62E004AFB3F /* FirebaseRemoteConfig */,
				CC71E71F2A6DD62E004AFB3F /* FirebaseRemoteConfigSwift */,
				CC71E7212A6DD62E004AFB3F /* FirebaseStorage */,
				CC71E7232A6DD62E004AFB3F /* FirebaseStorageCombine-Community */,
				CCF388342A71C83500242581 /* KeychainAccess */,
				CC7FCE932A730DA400DFC0A9 /* PopupView */,
			);
			productName = KinoPubAppleClient;
			productReference = CC88E1E12A6586E600E9387F /* KinoPubAppleClient.app */;
			productType = "com.apple.product-type.application";
		};
/* End PBXNativeTarget section */

/* Begin PBXProject section */
		CC88E1D92A6586E600E9387F /* Project object */ = {
			isa = PBXProject;
			attributes = {
				BuildIndependentTargetsInParallel = 1;
				LastSwiftUpdateCheck = 1430;
				LastUpgradeCheck = 1500;
				TargetAttributes = {
					CC88E1E02A6586E600E9387F = {
						CreatedOnToolsVersion = 14.3.1;
					};
				};
			};
			buildConfigurationList = CC88E1DC2A6586E600E9387F /* Build configuration list for PBXProject "KinoPubAppleClient" */;
			compatibilityVersion = "Xcode 14.0";
			developmentRegion = en;
			hasScannedForEncodings = 0;
			knownRegions = (
				en,
				Base,
			);
			mainGroup = CC88E1D82A6586E600E9387F;
			packageReferences = (
				CC71E70B2A6DD56A004AFB3F /* XCRemoteSwiftPackageReference "SkeletonUI" */,
				CC71E7102A6DD62E004AFB3F /* XCRemoteSwiftPackageReference "firebase-ios-sdk" */,
				CCF388332A71C83500242581 /* XCRemoteSwiftPackageReference "KeychainAccess" */,
				CC7FCE922A730DA400DFC0A9 /* XCRemoteSwiftPackageReference "PopupView" */,
			);
			productRefGroup = CC88E1E22A6586E600E9387F /* Products */;
			projectDirPath = "";
			projectRoot = "";
			targets = (
				CC88E1E02A6586E600E9387F /* KinoPubAppleClient */,
			);
		};
/* End PBXProject section */

/* Begin PBXResourcesBuildPhase section */
		CC88E1DF2A6586E600E9387F /* Resources */ = {
			isa = PBXResourcesBuildPhase;
			buildActionMask = 2147483647;
			files = (
				CC71E6EE2A6BF92D004AFB3F /* Launch Screen.storyboard in Resources */,
				CC71E70F2A6DD5B1004AFB3F /* GoogleService-Info.plist in Resources */,
				CC71E6F02A6C048C004AFB3F /* Localizable.xcstrings in Resources */,
				CC88E1E92A6586E700E9387F /* Assets.xcassets in Resources */,
			);
			runOnlyForDeploymentPostprocessing = 0;
		};
/* End PBXResourcesBuildPhase section */

/* Begin PBXSourcesBuildPhase section */
		CC88E1DD2A6586E600E9387F /* Sources */ = {
			isa = PBXSourcesBuildPhase;
			buildActionMask = 2147483647;
			files = (
				CCF388282A718BB600242581 /* AppContext.swift in Sources */,
				CCF388212A718ADE00242581 /* VideoContentService.swift in Sources */,
				CCF3881A2A71882300242581 /* AuthorizationService.swift in Sources */,
				CCF3882B2A718E6300242581 /* Configuration.swift in Sources */,
				CCF388252A718AF300242581 /* VideoContentServiceImpl.swift in Sources */,
				CCF388412A71C9CF00242581 /* AccessTokenServiceImpl.swift in Sources */,
				CC71E7262A6DD643004AFB3F /* AppDelegate.swift in Sources */,
				CC71E7012A6DD043004AFB3F /* AuthView.swift in Sources */,
				CCF388432A71CB3F00242581 /* AccessTokenPlugin.swift in Sources */,
				CC71E6F82A6C0626004AFB3F /* SettingsView.swift in Sources */,
				CC88E1E72A6586E600E9387F /* RootView.swift in Sources */,
				CCF3882F2A718EAA00242581 /* BundleConfiguration.swift in Sources */,
				CCE9C6DF2A73EA46007923C0 /* ShortcutView.swift in Sources */,
				CC7FCE912A730CC000DFC0A9 /* ToastContentView.swift in Sources */,
				CC71E6FA2A6C0655004AFB3F /* BookmarksView.swift in Sources */,
				CCF3881E2A71885900242581 /* AuthorizationServiceImpl.swift in Sources */,
				CC7FCE8C2A72D23600DFC0A9 /* APIClientError+Description.swift in Sources */,
				CC71E6FC2A6C0678004AFB3F /* MainView.swift in Sources */,
				CCE9C6DA2A73DB73007923C0 /* MediaItemView.swift in Sources */,
				CC71E6FF2A6C069D004AFB3F /* DownloadsView.swift in Sources */,
				CCF388322A71C13900242581 /* MediaCatalog.swift in Sources */,
				CCF388382A71C87E00242581 /* KeychainStorage.swift in Sources */,
				CC88E1E52A6586E600E9387F /* KinoPubAppleClientApp.swift in Sources */,
				CCF3883F2A71C98C00242581 /* AccessTokenService.swift in Sources */,
				CCF3883C2A71C8D600242581 /* KeychainStorageImpl.swift in Sources */,
				CC7FCE872A72ACB700DFC0A9 /* AuthModel.swift in Sources */,
				CCE9C6DC2A73DB87007923C0 /* BookmarksCatalog.swift in Sources */,
			);
			runOnlyForDeploymentPostprocessing = 0;
		};
/* End PBXSourcesBuildPhase section */

/* Begin XCBuildConfiguration section */
		CC88E1EE2A6586E700E9387F /* Debug */ = {
			isa = XCBuildConfiguration;
			buildSettings = {
				ALWAYS_SEARCH_USER_PATHS = NO;
				CLANG_ANALYZER_NONNULL = YES;
				CLANG_ANALYZER_NUMBER_OBJECT_CONVERSION = YES_AGGRESSIVE;
				CLANG_CXX_LANGUAGE_STANDARD = "gnu++20";
				CLANG_ENABLE_MODULES = YES;
				CLANG_ENABLE_OBJC_ARC = YES;
				CLANG_ENABLE_OBJC_WEAK = YES;
				CLANG_WARN_BLOCK_CAPTURE_AUTORELEASING = YES;
				CLANG_WARN_BOOL_CONVERSION = YES;
				CLANG_WARN_COMMA = YES;
				CLANG_WARN_CONSTANT_CONVERSION = YES;
				CLANG_WARN_DEPRECATED_OBJC_IMPLEMENTATIONS = YES;
				CLANG_WARN_DIRECT_OBJC_ISA_USAGE = YES_ERROR;
				CLANG_WARN_DOCUMENTATION_COMMENTS = YES;
				CLANG_WARN_EMPTY_BODY = YES;
				CLANG_WARN_ENUM_CONVERSION = YES;
				CLANG_WARN_INFINITE_RECURSION = YES;
				CLANG_WARN_INT_CONVERSION = YES;
				CLANG_WARN_NON_LITERAL_NULL_CONVERSION = YES;
				CLANG_WARN_OBJC_IMPLICIT_RETAIN_SELF = YES;
				CLANG_WARN_OBJC_LITERAL_CONVERSION = YES;
				CLANG_WARN_OBJC_ROOT_CLASS = YES_ERROR;
				CLANG_WARN_QUOTED_INCLUDE_IN_FRAMEWORK_HEADER = YES;
				CLANG_WARN_RANGE_LOOP_ANALYSIS = YES;
				CLANG_WARN_STRICT_PROTOTYPES = YES;
				CLANG_WARN_SUSPICIOUS_MOVE = YES;
				CLANG_WARN_UNGUARDED_AVAILABILITY = YES_AGGRESSIVE;
				CLANG_WARN_UNREACHABLE_CODE = YES;
				CLANG_WARN__DUPLICATE_METHOD_MATCH = YES;
				COPY_PHASE_STRIP = NO;
				DEAD_CODE_STRIPPING = YES;
				DEBUG_INFORMATION_FORMAT = dwarf;
				ENABLE_STRICT_OBJC_MSGSEND = YES;
				ENABLE_TESTABILITY = YES;
				ENABLE_USER_SCRIPT_SANDBOXING = YES;
				GCC_C_LANGUAGE_STANDARD = gnu11;
				GCC_DYNAMIC_NO_PIC = NO;
				GCC_NO_COMMON_BLOCKS = YES;
				GCC_OPTIMIZATION_LEVEL = 0;
				GCC_PREPROCESSOR_DEFINITIONS = (
					"DEBUG=1",
					"$(inherited)",
				);
				GCC_WARN_64_TO_32_BIT_CONVERSION = YES;
				GCC_WARN_ABOUT_RETURN_TYPE = YES_ERROR;
				GCC_WARN_UNDECLARED_SELECTOR = YES;
				GCC_WARN_UNINITIALIZED_AUTOS = YES_AGGRESSIVE;
				GCC_WARN_UNUSED_FUNCTION = YES;
				GCC_WARN_UNUSED_VARIABLE = YES;
				IPHONEOS_DEPLOYMENT_TARGET = 16.0;
				MACOSX_DEPLOYMENT_TARGET = 13.0;
				MTL_ENABLE_DEBUG_INFO = INCLUDE_SOURCE;
				MTL_FAST_MATH = YES;
				ONLY_ACTIVE_ARCH = YES;
				SWIFT_ACTIVE_COMPILATION_CONDITIONS = DEBUG;
				SWIFT_OPTIMIZATION_LEVEL = "-Onone";
			};
			name = Debug;
		};
		CC88E1EF2A6586E700E9387F /* Release */ = {
			isa = XCBuildConfiguration;
			buildSettings = {
				ALWAYS_SEARCH_USER_PATHS = NO;
				CLANG_ANALYZER_NONNULL = YES;
				CLANG_ANALYZER_NUMBER_OBJECT_CONVERSION = YES_AGGRESSIVE;
				CLANG_CXX_LANGUAGE_STANDARD = "gnu++20";
				CLANG_ENABLE_MODULES = YES;
				CLANG_ENABLE_OBJC_ARC = YES;
				CLANG_ENABLE_OBJC_WEAK = YES;
				CLANG_WARN_BLOCK_CAPTURE_AUTORELEASING = YES;
				CLANG_WARN_BOOL_CONVERSION = YES;
				CLANG_WARN_COMMA = YES;
				CLANG_WARN_CONSTANT_CONVERSION = YES;
				CLANG_WARN_DEPRECATED_OBJC_IMPLEMENTATIONS = YES;
				CLANG_WARN_DIRECT_OBJC_ISA_USAGE = YES_ERROR;
				CLANG_WARN_DOCUMENTATION_COMMENTS = YES;
				CLANG_WARN_EMPTY_BODY = YES;
				CLANG_WARN_ENUM_CONVERSION = YES;
				CLANG_WARN_INFINITE_RECURSION = YES;
				CLANG_WARN_INT_CONVERSION = YES;
				CLANG_WARN_NON_LITERAL_NULL_CONVERSION = YES;
				CLANG_WARN_OBJC_IMPLICIT_RETAIN_SELF = YES;
				CLANG_WARN_OBJC_LITERAL_CONVERSION = YES;
				CLANG_WARN_OBJC_ROOT_CLASS = YES_ERROR;
				CLANG_WARN_QUOTED_INCLUDE_IN_FRAMEWORK_HEADER = YES;
				CLANG_WARN_RANGE_LOOP_ANALYSIS = YES;
				CLANG_WARN_STRICT_PROTOTYPES = YES;
				CLANG_WARN_SUSPICIOUS_MOVE = YES;
				CLANG_WARN_UNGUARDED_AVAILABILITY = YES_AGGRESSIVE;
				CLANG_WARN_UNREACHABLE_CODE = YES;
				CLANG_WARN__DUPLICATE_METHOD_MATCH = YES;
				COPY_PHASE_STRIP = NO;
				DEAD_CODE_STRIPPING = YES;
				DEBUG_INFORMATION_FORMAT = "dwarf-with-dsym";
				ENABLE_NS_ASSERTIONS = NO;
				ENABLE_STRICT_OBJC_MSGSEND = YES;
				ENABLE_USER_SCRIPT_SANDBOXING = YES;
				GCC_C_LANGUAGE_STANDARD = gnu11;
				GCC_NO_COMMON_BLOCKS = YES;
				GCC_WARN_64_TO_32_BIT_CONVERSION = YES;
				GCC_WARN_ABOUT_RETURN_TYPE = YES_ERROR;
				GCC_WARN_UNDECLARED_SELECTOR = YES;
				GCC_WARN_UNINITIALIZED_AUTOS = YES_AGGRESSIVE;
				GCC_WARN_UNUSED_FUNCTION = YES;
				GCC_WARN_UNUSED_VARIABLE = YES;
				IPHONEOS_DEPLOYMENT_TARGET = 16.0;
				MACOSX_DEPLOYMENT_TARGET = 13.0;
				MTL_ENABLE_DEBUG_INFO = NO;
				MTL_FAST_MATH = YES;
				SWIFT_COMPILATION_MODE = wholemodule;
				SWIFT_OPTIMIZATION_LEVEL = "-O";
			};
			name = Release;
		};
		CC88E1F12A6586E700E9387F /* Debug */ = {
			isa = XCBuildConfiguration;
			buildSettings = {
				ASSETCATALOG_COMPILER_APPICON_NAME = AppIcon;
				ASSETCATALOG_COMPILER_GLOBAL_ACCENT_COLOR_NAME = AccentColor;
				CODE_SIGN_ENTITLEMENTS = KinoPubAppleClient/Resources/KinoPubAppleClient.entitlements;
				"CODE_SIGN_IDENTITY[sdk=macosx*]" = "-";
				CODE_SIGN_STYLE = Automatic;
				CURRENT_PROJECT_VERSION = 1;
				DEAD_CODE_STRIPPING = YES;
				DEVELOPMENT_ASSET_PATHS = "";
				DEVELOPMENT_TEAM = Z9BGBYPL8S;
				ENABLE_HARDENED_RUNTIME = YES;
				ENABLE_PREVIEWS = YES;
				GENERATE_INFOPLIST_FILE = YES;
				INFOPLIST_FILE = KinoPubAppleClient/Info.plist;
				INFOPLIST_KEY_CFBundleDisplayName = KinoPub;
				INFOPLIST_KEY_LSApplicationCategoryType = "public.app-category.entertainment";
				"INFOPLIST_KEY_UIApplicationSceneManifest_Generation[sdk=iphoneos*]" = YES;
				"INFOPLIST_KEY_UIApplicationSceneManifest_Generation[sdk=iphonesimulator*]" = YES;
				"INFOPLIST_KEY_UIApplicationSupportsIndirectInputEvents[sdk=iphoneos*]" = YES;
				"INFOPLIST_KEY_UIApplicationSupportsIndirectInputEvents[sdk=iphonesimulator*]" = YES;
				"INFOPLIST_KEY_UILaunchScreen_Generation[sdk=iphoneos*]" = YES;
				"INFOPLIST_KEY_UILaunchScreen_Generation[sdk=iphonesimulator*]" = YES;
				INFOPLIST_KEY_UILaunchStoryboardName = "Launch Screen.storyboard";
				"INFOPLIST_KEY_UIStatusBarStyle[sdk=iphoneos*]" = UIStatusBarStyleDefault;
				"INFOPLIST_KEY_UIStatusBarStyle[sdk=iphonesimulator*]" = UIStatusBarStyleDefault;
				INFOPLIST_KEY_UISupportedInterfaceOrientations_iPad = "UIInterfaceOrientationPortrait UIInterfaceOrientationPortraitUpsideDown UIInterfaceOrientationLandscapeLeft UIInterfaceOrientationLandscapeRight";
				INFOPLIST_KEY_UISupportedInterfaceOrientations_iPhone = "UIInterfaceOrientationPortrait UIInterfaceOrientationLandscapeLeft UIInterfaceOrientationLandscapeRight";
				IPHONEOS_DEPLOYMENT_TARGET = 16.0;
				LD_RUNPATH_SEARCH_PATHS = "@executable_path/Frameworks";
				"LD_RUNPATH_SEARCH_PATHS[sdk=macosx*]" = "@executable_path/../Frameworks";
				MACOSX_DEPLOYMENT_TARGET = 13.0;
				MARKETING_VERSION = 1.0;
				PRODUCT_BUNDLE_IDENTIFIER = com.kunst.kinopub;
				PRODUCT_NAME = "$(TARGET_NAME)";
				SDKROOT = auto;
				SUPPORTED_PLATFORMS = "iphoneos iphonesimulator macosx";
				SWIFT_EMIT_LOC_STRINGS = YES;
				SWIFT_VERSION = 5.0;
				TARGETED_DEVICE_FAMILY = "1,2";
			};
			name = Debug;
		};
		CC88E1F22A6586E700E9387F /* Release */ = {
			isa = XCBuildConfiguration;
			buildSettings = {
				ASSETCATALOG_COMPILER_APPICON_NAME = AppIcon;
				ASSETCATALOG_COMPILER_GLOBAL_ACCENT_COLOR_NAME = AccentColor;
				CODE_SIGN_ENTITLEMENTS = KinoPubAppleClient/Resources/KinoPubAppleClient.entitlements;
				"CODE_SIGN_IDENTITY[sdk=macosx*]" = "-";
				CODE_SIGN_STYLE = Automatic;
				CURRENT_PROJECT_VERSION = 1;
				DEAD_CODE_STRIPPING = YES;
				DEVELOPMENT_ASSET_PATHS = "";
				DEVELOPMENT_TEAM = Z9BGBYPL8S;
				ENABLE_HARDENED_RUNTIME = YES;
				ENABLE_PREVIEWS = YES;
				GENERATE_INFOPLIST_FILE = YES;
				INFOPLIST_FILE = KinoPubAppleClient/Info.plist;
				INFOPLIST_KEY_CFBundleDisplayName = KinoPub;
				INFOPLIST_KEY_LSApplicationCategoryType = "public.app-category.entertainment";
				"INFOPLIST_KEY_UIApplicationSceneManifest_Generation[sdk=iphoneos*]" = YES;
				"INFOPLIST_KEY_UIApplicationSceneManifest_Generation[sdk=iphonesimulator*]" = YES;
				"INFOPLIST_KEY_UIApplicationSupportsIndirectInputEvents[sdk=iphoneos*]" = YES;
				"INFOPLIST_KEY_UIApplicationSupportsIndirectInputEvents[sdk=iphonesimulator*]" = YES;
				"INFOPLIST_KEY_UILaunchScreen_Generation[sdk=iphoneos*]" = YES;
				"INFOPLIST_KEY_UILaunchScreen_Generation[sdk=iphonesimulator*]" = YES;
				INFOPLIST_KEY_UILaunchStoryboardName = "Launch Screen.storyboard";
				"INFOPLIST_KEY_UIStatusBarStyle[sdk=iphoneos*]" = UIStatusBarStyleDefault;
				"INFOPLIST_KEY_UIStatusBarStyle[sdk=iphonesimulator*]" = UIStatusBarStyleDefault;
				INFOPLIST_KEY_UISupportedInterfaceOrientations_iPad = "UIInterfaceOrientationPortrait UIInterfaceOrientationPortraitUpsideDown UIInterfaceOrientationLandscapeLeft UIInterfaceOrientationLandscapeRight";
				INFOPLIST_KEY_UISupportedInterfaceOrientations_iPhone = "UIInterfaceOrientationPortrait UIInterfaceOrientationLandscapeLeft UIInterfaceOrientationLandscapeRight";
				IPHONEOS_DEPLOYMENT_TARGET = 16.0;
				LD_RUNPATH_SEARCH_PATHS = "@executable_path/Frameworks";
				"LD_RUNPATH_SEARCH_PATHS[sdk=macosx*]" = "@executable_path/../Frameworks";
				MACOSX_DEPLOYMENT_TARGET = 13.0;
				MARKETING_VERSION = 1.0;
				PRODUCT_BUNDLE_IDENTIFIER = com.kunst.kinopub;
				PRODUCT_NAME = "$(TARGET_NAME)";
				SDKROOT = auto;
				SUPPORTED_PLATFORMS = "iphoneos iphonesimulator macosx";
				SWIFT_EMIT_LOC_STRINGS = YES;
				SWIFT_VERSION = 5.0;
				TARGETED_DEVICE_FAMILY = "1,2";
			};
			name = Release;
		};
/* End XCBuildConfiguration section */

/* Begin XCConfigurationList section */
		CC88E1DC2A6586E600E9387F /* Build configuration list for PBXProject "KinoPubAppleClient" */ = {
			isa = XCConfigurationList;
			buildConfigurations = (
				CC88E1EE2A6586E700E9387F /* Debug */,
				CC88E1EF2A6586E700E9387F /* Release */,
			);
			defaultConfigurationIsVisible = 0;
			defaultConfigurationName = Release;
		};
		CC88E1F02A6586E700E9387F /* Build configuration list for PBXNativeTarget "KinoPubAppleClient" */ = {
			isa = XCConfigurationList;
			buildConfigurations = (
				CC88E1F12A6586E700E9387F /* Debug */,
				CC88E1F22A6586E700E9387F /* Release */,
			);
			defaultConfigurationIsVisible = 0;
			defaultConfigurationName = Release;
		};
/* End XCConfigurationList section */

/* Begin XCRemoteSwiftPackageReference section */
		CC71E70B2A6DD56A004AFB3F /* XCRemoteSwiftPackageReference "SkeletonUI" */ = {
			isa = XCRemoteSwiftPackageReference;
			repositoryURL = "https://github.com/CSolanaM/SkeletonUI.git";
			requirement = {
				branch = master;
				kind = branch;
			};
		};
		CC71E7102A6DD62E004AFB3F /* XCRemoteSwiftPackageReference "firebase-ios-sdk" */ = {
			isa = XCRemoteSwiftPackageReference;
			repositoryURL = "https://github.com/firebase/firebase-ios-sdk.git";
			requirement = {
				kind = upToNextMajorVersion;
				minimumVersion = 10.12.0;
			};
		};
		CC7FCE922A730DA400DFC0A9 /* XCRemoteSwiftPackageReference "PopupView" */ = {
			isa = XCRemoteSwiftPackageReference;
			repositoryURL = "https://github.com/exyte/PopupView.git";
			requirement = {
				kind = upToNextMajorVersion;
				minimumVersion = 2.6.0;
			};
		};
		CCF388332A71C83500242581 /* XCRemoteSwiftPackageReference "KeychainAccess" */ = {
			isa = XCRemoteSwiftPackageReference;
			repositoryURL = "https://github.com/kishikawakatsumi/KeychainAccess.git";
			requirement = {
				kind = upToNextMinorVersion;
				minimumVersion = 4.2.2;
			};
		};
/* End XCRemoteSwiftPackageReference section */

/* Begin XCSwiftPackageProductDependency section */
		CC71E7032A6DD119004AFB3F /* KinoPubBackend */ = {
			isa = XCSwiftPackageProductDependency;
			productName = KinoPubBackend;
		};
		CC71E7052A6DD119004AFB3F /* KinoPubKit */ = {
			isa = XCSwiftPackageProductDependency;
			productName = KinoPubKit;
		};
		CC71E7072A6DD119004AFB3F /* KinoPubLogging */ = {
			isa = XCSwiftPackageProductDependency;
			productName = KinoPubLogging;
		};
		CC71E7092A6DD119004AFB3F /* KinoPubUI */ = {
			isa = XCSwiftPackageProductDependency;
			productName = KinoPubUI;
		};
		CC71E70C2A6DD56A004AFB3F /* SkeletonUI */ = {
			isa = XCSwiftPackageProductDependency;
			package = CC71E70B2A6DD56A004AFB3F /* XCRemoteSwiftPackageReference "SkeletonUI" */;
			productName = SkeletonUI;
		};
		CC71E7112A6DD62E004AFB3F /* FirebaseAnalytics */ = {
			isa = XCSwiftPackageProductDependency;
			package = CC71E7102A6DD62E004AFB3F /* XCRemoteSwiftPackageReference "firebase-ios-sdk" */;
			productName = FirebaseAnalytics;
		};
		CC71E7132A6DD62E004AFB3F /* FirebaseCrashlytics */ = {
			isa = XCSwiftPackageProductDependency;
			package = CC71E7102A6DD62E004AFB3F /* XCRemoteSwiftPackageReference "firebase-ios-sdk" */;
			productName = FirebaseCrashlytics;
		};
		CC71E7152A6DD62E004AFB3F /* FirebaseInstallations */ = {
			isa = XCSwiftPackageProductDependency;
			package = CC71E7102A6DD62E004AFB3F /* XCRemoteSwiftPackageReference "firebase-ios-sdk" */;
			productName = FirebaseInstallations;
		};
		CC71E7172A6DD62E004AFB3F /* FirebaseMLModelDownloader */ = {
			isa = XCSwiftPackageProductDependency;
			package = CC71E7102A6DD62E004AFB3F /* XCRemoteSwiftPackageReference "firebase-ios-sdk" */;
			productName = FirebaseMLModelDownloader;
		};
		CC71E7192A6DD62E004AFB3F /* FirebaseMessaging */ = {
			isa = XCSwiftPackageProductDependency;
			package = CC71E7102A6DD62E004AFB3F /* XCRemoteSwiftPackageReference "firebase-ios-sdk" */;
			productName = FirebaseMessaging;
		};
		CC71E71B2A6DD62E004AFB3F /* FirebasePerformance */ = {
			isa = XCSwiftPackageProductDependency;
			package = CC71E7102A6DD62E004AFB3F /* XCRemoteSwiftPackageReference "firebase-ios-sdk" */;
			productName = FirebasePerformance;
		};
		CC71E71D2A6DD62E004AFB3F /* FirebaseRemoteConfig */ = {
			isa = XCSwiftPackageProductDependency;
			package = CC71E7102A6DD62E004AFB3F /* XCRemoteSwiftPackageReference "firebase-ios-sdk" */;
			productName = FirebaseRemoteConfig;
		};
		CC71E71F2A6DD62E004AFB3F /* FirebaseRemoteConfigSwift */ = {
			isa = XCSwiftPackageProductDependency;
			package = CC71E7102A6DD62E004AFB3F /* XCRemoteSwiftPackageReference "firebase-ios-sdk" */;
			productName = FirebaseRemoteConfigSwift;
		};
		CC71E7212A6DD62E004AFB3F /* FirebaseStorage */ = {
			isa = XCSwiftPackageProductDependency;
			package = CC71E7102A6DD62E004AFB3F /* XCRemoteSwiftPackageReference "firebase-ios-sdk" */;
			productName = FirebaseStorage;
		};
		CC71E7232A6DD62E004AFB3F /* FirebaseStorageCombine-Community */ = {
			isa = XCSwiftPackageProductDependency;
			package = CC71E7102A6DD62E004AFB3F /* XCRemoteSwiftPackageReference "firebase-ios-sdk" */;
			productName = "FirebaseStorageCombine-Community";
		};
		CC7FCE932A730DA400DFC0A9 /* PopupView */ = {
			isa = XCSwiftPackageProductDependency;
			package = CC7FCE922A730DA400DFC0A9 /* XCRemoteSwiftPackageReference "PopupView" */;
			productName = PopupView;
		};
		CCF388342A71C83500242581 /* KeychainAccess */ = {
			isa = XCSwiftPackageProductDependency;
			package = CCF388332A71C83500242581 /* XCRemoteSwiftPackageReference "KeychainAccess" */;
			productName = KeychainAccess;
		};
/* End XCSwiftPackageProductDependency section */
	};
	rootObject = CC88E1D92A6586E600E9387F /* Project object */;
}
